// !$*UTF8*$!
{
	archiveVersion = 1;
	classes = {
	};
	objectVersion = 77;
	objects = {

/* Begin PBXBuildFile section */
		066022B6F446EAEBE1111E35 /* V0EngineTests.swift in Sources */ = {isa = PBXBuildFile; fileRef = 164D2BA7F6FBB1EFCC90AED1 /* V0EngineTests.swift */; };
		093CC2254EA27818C33313DA /* AppCheckReadinessTests.swift in Sources */ = {isa = PBXBuildFile; fileRef = 5444139510DC649A8A9501A8 /* AppCheckReadinessTests.swift */; };
		0A23B58484CFD44E402E2994 /* OpenLARPAuthenticationServices.swift in Sources */ = {isa = PBXBuildFile; fileRef = 03A8E9EE6A89191074062ABB /* OpenLARPAuthenticationServices.swift */; };
		0CE60C7680389AC3E826A13A /* GoogleSignInSwift in Frameworks */ = {isa = PBXBuildFile; productRef = 48B555EE886D7450F49521A9 /* GoogleSignInSwift */; };
		0E9F33E87D1BF9923A35DB6A /* AgentChatView.swift in Sources */ = {isa = PBXBuildFile; fileRef = 56D7AF5561E51E598C8712C6 /* AgentChatView.swift */; };
		10324B74F7AC5158F3BDEB7B /* FirebaseCore in Frameworks */ = {isa = PBXBuildFile; productRef = 606D54EADCE77E78FD4233AC /* FirebaseCore */; };
		116D7E58C05CBD7DCDF05276 /* OpenLARPRevenueCatSubscriptionService.swift in Sources */ = {isa = PBXBuildFile; fileRef = C9EC89317FF4D6707724926C /* OpenLARPRevenueCatSubscriptionService.swift */; };
		1294B65D3295EDEE15E419A1 /* OpenLARPAgentFoundation.swift in Sources */ = {isa = PBXBuildFile; fileRef = CC0ACFAB044B7890FEF3F2D6 /* OpenLARPAgentFoundation.swift */; };
		16D2FE821C548478867CC770 /* Assets.xcassets in Resources */ = {isa = PBXBuildFile; fileRef = A32FE957054753A00B9C9E6F /* Assets.xcassets */; };
		16EAD1E6BEACE0131D90E630 /* AppRootView.swift in Sources */ = {isa = PBXBuildFile; fileRef = 8681DC4AF3698AFDF55C89E7 /* AppRootView.swift */; };
		1874F67C93F87254F33A36AD /* OpenLARPBackendContracts.swift in Sources */ = {isa = PBXBuildFile; fileRef = B09BB0C0A238D1B10FD983B7 /* OpenLARPBackendContracts.swift */; };
		1B0206749D3B17B8D694DAE8 /* ProofDetailView.swift in Sources */ = {isa = PBXBuildFile; fileRef = A24A3F46612F09ED9FC79C08 /* ProofDetailView.swift */; };
		1BC215AE731B9243BD4A118A /* ProofDraftStoreTests.swift in Sources */ = {isa = PBXBuildFile; fileRef = 21F481061931A10C3D19445D /* ProofDraftStoreTests.swift */; };
		1BE4B4916314BDFBD41C2D45 /* PrivacyInfo.xcprivacy in Resources */ = {isa = PBXBuildFile; fileRef = 993F649425BAC9E75617D5F8 /* PrivacyInfo.xcprivacy */; };
		1DF572B1E3E57EE7FA87AC82 /* OpenLARPFirebaseBootstrap.swift in Sources */ = {isa = PBXBuildFile; fileRef = 946A052D9DA62A642F46B6FC /* OpenLARPFirebaseBootstrap.swift */; };
		21B103163CA3864EA5AD74C8 /* OpenLARPAuthenticationServices.swift in Sources */ = {isa = PBXBuildFile; fileRef = 03A8E9EE6A89191074062ABB /* OpenLARPAuthenticationServices.swift */; };
		21E8D7F13C40E25CB4850B6C /* OpenLARPReleaseConfiguration.swift in Sources */ = {isa = PBXBuildFile; fileRef = 79FC0461697344F56BEDB135 /* OpenLARPReleaseConfiguration.swift */; };
		25823B47ADD0FCC5D9710F4D /* ReleaseConfigurationTests.swift in Sources */ = {isa = PBXBuildFile; fileRef = A71CED45201231C788EF17A2 /* ReleaseConfigurationTests.swift */; };
		28A9EB6E76034CFE66997860 /* OpenLARPReleaseContractSnapshot.swift in Sources */ = {isa = PBXBuildFile; fileRef = 2442B9DF6E0E422ED4F0B3C9 /* OpenLARPReleaseContractSnapshot.swift */; };
		2E0F095308879A0FF0E744BC /* FirebaseCareerGraphSyncReadinessTests.swift in Sources */ = {isa = PBXBuildFile; fileRef = 9B52AD535F1C64725BDCE83B /* FirebaseCareerGraphSyncReadinessTests.swift */; };
		2FAC3CB680B4FE7A18134A41 /* OpenLARPReleaseContractTests.swift in Sources */ = {isa = PBXBuildFile; fileRef = 1A2A9257C1858D4253921255 /* OpenLARPReleaseContractTests.swift */; };
		322E12DBF8F110DAD2C392D0 /* OpenLARPReleaseConfiguration.swift in Sources */ = {isa = PBXBuildFile; fileRef = 79FC0461697344F56BEDB135 /* OpenLARPReleaseConfiguration.swift */; };
		32C31764411CEAE637F3BF77 /* ProofArchiveView.swift in Sources */ = {isa = PBXBuildFile; fileRef = A38A7544CA52F69EBE427B74 /* ProofArchiveView.swift */; };
		3469E86770713FB77ADC6000 /* AuthenticationReadinessTests.swift in Sources */ = {isa = PBXBuildFile; fileRef = C5FE9FFE5F44B22B0A266078 /* AuthenticationReadinessTests.swift */; };
		35CFE7AA1BAAA4B1BF3E1EC0 /* OpenLARPShareCardExport.swift in Sources */ = {isa = PBXBuildFile; fileRef = B9D4627A3B93C85AB8432AA7 /* OpenLARPShareCardExport.swift */; };
		360F811DA782621C64896A27 /* SubscriptionReadinessTests.swift in Sources */ = {isa = PBXBuildFile; fileRef = 558B84EBAC143D9553A0A62E /* SubscriptionReadinessTests.swift */; };
		36487711E483C13DA799C091 /* BackendSessionReadinessTests.swift in Sources */ = {isa = PBXBuildFile; fileRef = 071E3A0FAFA43659976349F9 /* BackendSessionReadinessTests.swift */; };
		36903AB1E14DDC807B86EA0E /* OpenLARPAppStoreFactory.swift in Sources */ = {isa = PBXBuildFile; fileRef = C4F4602A8D25DBEC2DAAE7B4 /* OpenLARPAppStoreFactory.swift */; };
		389927414AC444EA5D834E62 /* PrivacyInfo.xcprivacy in Resources */ = {isa = PBXBuildFile; fileRef = B404DDA9119736B85134EDDE /* PrivacyInfo.xcprivacy */; };
		3B811D7C5085877E56417DCC /* OpenLARPCareerGraphStatusContent.swift in Sources */ = {isa = PBXBuildFile; fileRef = 6F2DD9179C36FA9D458C063C /* OpenLARPCareerGraphStatusContent.swift */; };
		3CD390C93F63687423733772 /* CookedShareCardView.swift in Sources */ = {isa = PBXBuildFile; fileRef = D946DF64F47A7C90479E8173 /* CookedShareCardView.swift */; };
		42E61DF100617B92FA6DF24F /* OpenLARPPersistence.swift in Sources */ = {isa = PBXBuildFile; fileRef = A9B5407A901AC7364EF7007F /* OpenLARPPersistence.swift */; };
		447E06C2B11087422B19FCDA /* TodayView.swift in Sources */ = {isa = PBXBuildFile; fileRef = 158AE576FBB3972BC8DFD382 /* TodayView.swift */; };
		45453B3B95C743B6999F1A88 /* OpenLARPFirebaseBackendServices.swift in Sources */ = {isa = PBXBuildFile; fileRef = 9264BE7F3F697BC161B14E50 /* OpenLARPFirebaseBackendServices.swift */; };
		49FBD678F5E4C36ABB62692A /* OpenLARPProofImageProcessor.swift in Sources */ = {isa = PBXBuildFile; fileRef = F5123580C0ECE13B609D002C /* OpenLARPProofImageProcessor.swift */; };
		4A3ED57F10AF410BC0E36884 /* AgentDashboardView.swift in Sources */ = {isa = PBXBuildFile; fileRef = E02D1D89FFC34F40C6425094 /* AgentDashboardView.swift */; };
		4B37CA0367F6B95D86EEC263 /* OpenLARPCloudContracts.swift in Sources */ = {isa = PBXBuildFile; fileRef = A1D35430DA658F76CC63EB78 /* OpenLARPCloudContracts.swift */; };
		4D4C1F2143F0017EE638D527 /* FirebaseAuth in Frameworks */ = {isa = PBXBuildFile; productRef = 3F803757437F71C3605C970B /* FirebaseAuth */; };
		4E8C53CC1AB2DCA6BAA5ABDD /* QuestMapView.swift in Sources */ = {isa = PBXBuildFile; fileRef = 1AC8DF9C8B644BCA48495AD3 /* QuestMapView.swift */; };
		4ED2F5F628073BFDED20EA5B /* OpenLARPProofImageProcessor.swift in Sources */ = {isa = PBXBuildFile; fileRef = F5123580C0ECE13B609D002C /* OpenLARPProofImageProcessor.swift */; };
		51AE5DCE1739E7F608591FC1 /* TodayView.swift in Sources */ = {isa = PBXBuildFile; fileRef = 158AE576FBB3972BC8DFD382 /* TodayView.swift */; };
		522BF727DD60C11186C16355 /* OpenLARPReleasePresentationPolicy.swift in Sources */ = {isa = PBXBuildFile; fileRef = 0D6D15162F04C40E6ADCA0D5 /* OpenLARPReleasePresentationPolicy.swift */; };
		52877978FB95B59C9302B2B9 /* BetaMeasurementTests.swift in Sources */ = {isa = PBXBuildFile; fileRef = 2D94367071D26EC53B70E4C2 /* BetaMeasurementTests.swift */; };
		52F52AA3274E6F522B33536D /* OpenLARPBetaMeasurement.swift in Sources */ = {isa = PBXBuildFile; fileRef = 404CAE7BD2E7B7A1199D312D /* OpenLARPBetaMeasurement.swift */; };
		54E8488BD24F11C2B5E77326 /* FirebaseFunctions in Frameworks */ = {isa = PBXBuildFile; productRef = C0AC7D45644C89C4DC16CE5B /* FirebaseFunctions */; };
		5719578F3701E303B3C82BAC /* QuestPreviewView.swift in Sources */ = {isa = PBXBuildFile; fileRef = A65AE049F689207B56A408E9 /* QuestPreviewView.swift */; };
		5AFEC180419B34F7CF040EB7 /* CompletedQuestDetailView.swift in Sources */ = {isa = PBXBuildFile; fileRef = C33D12276193DA43E63EBAF2 /* CompletedQuestDetailView.swift */; };
		61815BF4132A61EFF1167D77 /* ProofReviewIntegrityTests.swift in Sources */ = {isa = PBXBuildFile; fileRef = B2E0EAAA1BF07DECBDBE158D /* ProofReviewIntegrityTests.swift */; };
		6670C3A6C0A0C12B42C846D6 /* OpenLARPShareCardExport.swift in Sources */ = {isa = PBXBuildFile; fileRef = B9D4627A3B93C85AB8432AA7 /* OpenLARPShareCardExport.swift */; };
		68ED80BD8BCA86D0FF55459F /* AgentChatView.swift in Sources */ = {isa = PBXBuildFile; fileRef = 56D7AF5561E51E598C8712C6 /* AgentChatView.swift */; };
		69E98E51E60CFE43659236BC /* AppRootView.swift in Sources */ = {isa = PBXBuildFile; fileRef = 8681DC4AF3698AFDF55C89E7 /* AppRootView.swift */; };
		6B781DDD8BDB8F7E3288B178 /* OpenLARPAttachmentStore.swift in Sources */ = {isa = PBXBuildFile; fileRef = D8140307FB53F34C6E1DD623 /* OpenLARPAttachmentStore.swift */; };
		6D6640D8B71B15B318D610D3 /* OpenLARPAppStoreFactory.swift in Sources */ = {isa = PBXBuildFile; fileRef = C4F4602A8D25DBEC2DAAE7B4 /* OpenLARPAppStoreFactory.swift */; };
		6D9949B522B4F798D5D71C90 /* ProofAttachmentViews.swift in Sources */ = {isa = PBXBuildFile; fileRef = 6665166CE64A9711A38AB8EA /* ProofAttachmentViews.swift */; };
		702A064611E7EE8523190846 /* QuestMapView.swift in Sources */ = {isa = PBXBuildFile; fileRef = 1AC8DF9C8B644BCA48495AD3 /* QuestMapView.swift */; };
		73D12E53D11D4CA44568D043 /* OpenLARPEngine.swift in Sources */ = {isa = PBXBuildFile; fileRef = 4C9DDB58985395E7EA0E0FAC /* OpenLARPEngine.swift */; };
		7FED685774E3A0A37BB4692A /* OpenLARPAIWorkflowContracts.swift in Sources */ = {isa = PBXBuildFile; fileRef = 5D7F4B923B6F71934D650D8F /* OpenLARPAIWorkflowContracts.swift */; };
		80194F06EC7A0AD3A535D035 /* CookedShareCardView.swift in Sources */ = {isa = PBXBuildFile; fileRef = D946DF64F47A7C90479E8173 /* CookedShareCardView.swift */; };
		801E18711540F14E001E6BBF /* QuestPreviewView.swift in Sources */ = {isa = PBXBuildFile; fileRef = A65AE049F689207B56A408E9 /* QuestPreviewView.swift */; };
		83E006FC15FCE9E6492E8750 /* OpenLARPFirebaseCallableAIWorkflowService.swift in Sources */ = {isa = PBXBuildFile; fileRef = A76AAB73F44A0319F7F555C8 /* OpenLARPFirebaseCallableAIWorkflowService.swift */; };
		84802D0DC56CC0D463D35FC9 /* AgentDashboardView.swift in Sources */ = {isa = PBXBuildFile; fileRef = E02D1D89FFC34F40C6425094 /* AgentDashboardView.swift */; };
		84BEB1579A623DDEDC703C01 /* OpenLARPBackendContracts.swift in Sources */ = {isa = PBXBuildFile; fileRef = B09BB0C0A238D1B10FD983B7 /* OpenLARPBackendContracts.swift */; };
		879E93F1937AB0562AFC5457 /* ReleaseServiceBoundaryTests.swift in Sources */ = {isa = PBXBuildFile; fileRef = B52BB775BB9A302F0E588568 /* ReleaseServiceBoundaryTests.swift */; };
		898788989E941E51F886015A /* OpenLARPReleaseContractSnapshot.swift in Sources */ = {isa = PBXBuildFile; fileRef = 2442B9DF6E0E422ED4F0B3C9 /* OpenLARPReleaseContractSnapshot.swift */; };
		89E9612270DE46D7B0DE2B55 /* OpenLARPBetaMeasurement.swift in Sources */ = {isa = PBXBuildFile; fileRef = 404CAE7BD2E7B7A1199D312D /* OpenLARPBetaMeasurement.swift */; };
		90703ABE6E8B564BA1179B96 /* ShareCardExportTests.swift in Sources */ = {isa = PBXBuildFile; fileRef = 39D289D644FCC10CBC98DD5C /* ShareCardExportTests.swift */; };
		940979C1D721A0E1E61590E6 /* AIBackendContractTests.swift in Sources */ = {isa = PBXBuildFile; fileRef = CA0BD29572C6A1B22588E89D /* AIBackendContractTests.swift */; };
		9461CF8F924EE63254548527 /* OpenLARPApp.swift in Sources */ = {isa = PBXBuildFile; fileRef = 601E79F5844C6D89A84C354B /* OpenLARPApp.swift */; };
		94B10889BBCB318BCD66E952 /* ProofAttachmentViews.swift in Sources */ = {isa = PBXBuildFile; fileRef = 6665166CE64A9711A38AB8EA /* ProofAttachmentViews.swift */; };
		95D48CDAF808A94F85334C1C /* GoogleSignIn in Frameworks */ = {isa = PBXBuildFile; productRef = 8E08A1252135CE39793EB641 /* GoogleSignIn */; };
		98FD63DD9FE8F0E6D1606BEB /* OpenLARPStore.swift in Sources */ = {isa = PBXBuildFile; fileRef = 0DB4C508489FA00F82B277CF /* OpenLARPStore.swift */; };
		9900765D500A457EB5518A4D /* OpenLARPEngine.swift in Sources */ = {isa = PBXBuildFile; fileRef = 4C9DDB58985395E7EA0E0FAC /* OpenLARPEngine.swift */; };
		9C84C795C180DDBA3E60F32B /* ProofDetailView.swift in Sources */ = {isa = PBXBuildFile; fileRef = A24A3F46612F09ED9FC79C08 /* ProofDetailView.swift */; };
		9D089467ABBD684D39ED7B13 /* FirebaseAppCheck in Frameworks */ = {isa = PBXBuildFile; productRef = FD2392F6101386C0138343E6 /* FirebaseAppCheck */; };
		9ED25057BE1A58BA82F7BA50 /* OpenLARPModels.swift in Sources */ = {isa = PBXBuildFile; fileRef = DF8AF0E1D740ACDC741F585D /* OpenLARPModels.swift */; };
		A3E3314BFBDDF9E57055E15D /* OpenLARPSubscriptionContracts.swift in Sources */ = {isa = PBXBuildFile; fileRef = 3E597104F3EE10CDAA1EBC2C /* OpenLARPSubscriptionContracts.swift */; };
		A4A78A6EA974E6B454BBCF65 /* FirebaseFirestore in Frameworks */ = {isa = PBXBuildFile; productRef = 3C1FAF2556AD09AB8E0A0E0F /* FirebaseFirestore */; };
		A954E78914413D926003B250 /* RevenueCat in Frameworks */ = {isa = PBXBuildFile; productRef = 22F7A4126022BD6303D7FB2B /* RevenueCat */; };
		AA18A9FAB1582A9275FA7162 /* OpenLARPAgentFoundation.swift in Sources */ = {isa = PBXBuildFile; fileRef = CC0ACFAB044B7890FEF3F2D6 /* OpenLARPAgentFoundation.swift */; };
		AA9A8309B3F615C91455961B /* ProofArchiveView.swift in Sources */ = {isa = PBXBuildFile; fileRef = A38A7544CA52F69EBE427B74 /* ProofArchiveView.swift */; };
		AB4887FCA0C7653AA0A5FFC0 /* OpenLARPAttachmentStore.swift in Sources */ = {isa = PBXBuildFile; fileRef = D8140307FB53F34C6E1DD623 /* OpenLARPAttachmentStore.swift */; };
		AB5340B620F1DACAABF1A409 /* FirebaseStorage in Frameworks */ = {isa = PBXBuildFile; productRef = E427862DC32A18759A6492D8 /* FirebaseStorage */; };
		AE1297BA0332DD5C9843B616 /* OpenLARPApp.swift in Sources */ = {isa = PBXBuildFile; fileRef = 601E79F5844C6D89A84C354B /* OpenLARPApp.swift */; };
		B8A91DA6A6EC76569653EA37 /* CompletedQuestDetailView.swift in Sources */ = {isa = PBXBuildFile; fileRef = C33D12276193DA43E63EBAF2 /* CompletedQuestDetailView.swift */; };
		B9F2ACEA15E34218859ECD7F /* OpenLARPStyle.swift in Sources */ = {isa = PBXBuildFile; fileRef = 3447BF3025FF32A58EA3A1A1 /* OpenLARPStyle.swift */; };
		BB424273A8937B30B2419351 /* OpenLARPFirebaseCallableAIWorkflowService.swift in Sources */ = {isa = PBXBuildFile; fileRef = A76AAB73F44A0319F7F555C8 /* OpenLARPFirebaseCallableAIWorkflowService.swift */; };
		BDFD72412D82B9E8D49205D1 /* ProfileView.swift in Sources */ = {isa = PBXBuildFile; fileRef = 12DC112A777D32FCE8C8EE04 /* ProfileView.swift */; };
		C309599C63C1F3805EFEABA1 /* ProofAttachmentStoreLifecycleTests.swift in Sources */ = {isa = PBXBuildFile; fileRef = 521FE05E7476E00B73EA58E0 /* ProofAttachmentStoreLifecycleTests.swift */; };
		C34A260A0624B02D5546FB74 /* ProfileView.swift in Sources */ = {isa = PBXBuildFile; fileRef = 12DC112A777D32FCE8C8EE04 /* ProfileView.swift */; };
		C4D5E3334715A624A4C47CB7 /* OpenLARPReleasePresentationPolicy.swift in Sources */ = {isa = PBXBuildFile; fileRef = 0D6D15162F04C40E6ADCA0D5 /* OpenLARPReleasePresentationPolicy.swift */; };
		CCF7797F0EAF9F54D2133CFB /* ProofImageProcessorTests.swift in Sources */ = {isa = PBXBuildFile; fileRef = 59A0C23BA0AE98C39F37329B /* ProofImageProcessorTests.swift */; };
		CEA6BF731E8B671609BDCA34 /* Assets.xcassets in Resources */ = {isa = PBXBuildFile; fileRef = A32FE957054753A00B9C9E6F /* Assets.xcassets */; };
		D59915296DAB4292D6F76100 /* ProgressTabView.swift in Sources */ = {isa = PBXBuildFile; fileRef = B39EFD52A49CEC4F79A489C4 /* ProgressTabView.swift */; };
		DAF1FF17EB7C0C81B86C0458 /* OpenLARPPersistence.swift in Sources */ = {isa = PBXBuildFile; fileRef = A9B5407A901AC7364EF7007F /* OpenLARPPersistence.swift */; };
		DC1567B65BCE1E747CB90F72 /* OpenLARPSubscriptionContracts.swift in Sources */ = {isa = PBXBuildFile; fileRef = 3E597104F3EE10CDAA1EBC2C /* OpenLARPSubscriptionContracts.swift */; };
		E0962AAC32C66B8987A5F935 /* ProgressTabView.swift in Sources */ = {isa = PBXBuildFile; fileRef = B39EFD52A49CEC4F79A489C4 /* ProgressTabView.swift */; };
		E17D2CA04E8911F8C538A95A /* OpenLARPCareerGraphStatusContent.swift in Sources */ = {isa = PBXBuildFile; fileRef = 6F2DD9179C36FA9D458C063C /* OpenLARPCareerGraphStatusContent.swift */; };
		E39BB47B3A07F46EC180064C /* OpenLARPStore.swift in Sources */ = {isa = PBXBuildFile; fileRef = 0DB4C508489FA00F82B277CF /* OpenLARPStore.swift */; };
		EEBBF6AEE3897263482F8023 /* OpenLARPAIWorkflowContracts.swift in Sources */ = {isa = PBXBuildFile; fileRef = 5D7F4B923B6F71934D650D8F /* OpenLARPAIWorkflowContracts.swift */; };
		F03FDE7E904C382F81746339 /* OpenLARPModels.swift in Sources */ = {isa = PBXBuildFile; fileRef = DF8AF0E1D740ACDC741F585D /* OpenLARPModels.swift */; };
		F380ECF5AD25C430559A830F /* OpenLARPCloudContracts.swift in Sources */ = {isa = PBXBuildFile; fileRef = A1D35430DA658F76CC63EB78 /* OpenLARPCloudContracts.swift */; };
		FBCE6E4D4C69B60EB23CEB0A /* OpenLARPFirebaseBackendServices.swift in Sources */ = {isa = PBXBuildFile; fileRef = 9264BE7F3F697BC161B14E50 /* OpenLARPFirebaseBackendServices.swift */; };
		FEB94BF664A1A40EC36DC14F /* OpenLARPStyle.swift in Sources */ = {isa = PBXBuildFile; fileRef = 3447BF3025FF32A58EA3A1A1 /* OpenLARPStyle.swift */; };
		FF3DED6DC187442EB2B80B45 /* OpenLARPFirebaseBootstrap.swift in Sources */ = {isa = PBXBuildFile; fileRef = 946A052D9DA62A642F46B6FC /* OpenLARPFirebaseBootstrap.swift */; };
/* End PBXBuildFile section */

/* Begin PBXContainerItemProxy section */
		1DB4696F27CC9E614131380E /* PBXContainerItemProxy */ = {
			isa = PBXContainerItemProxy;
			containerPortal = 5274AEE5066FFAFDE76D45D1 /* Project object */;
			proxyType = 1;
			remoteGlobalIDString = DB4E65A7BD000E790DD485CE;
			remoteInfo = OpenLARPInternal;
		};
		D931471E9CC7F6E9DE8247A4 /* PBXContainerItemProxy */ = {
			isa = PBXContainerItemProxy;
			containerPortal = 5274AEE5066FFAFDE76D45D1 /* Project object */;
			proxyType = 1;
			remoteGlobalIDString = 235A760FBDE02BB247E02321;
			remoteInfo = OpenLARP;
		};
/* End PBXContainerItemProxy section */

/* Begin PBXFileReference section */
		03A8E9EE6A89191074062ABB /* OpenLARPAuthenticationServices.swift */ = {isa = PBXFileReference; lastKnownFileType = sourcecode.swift; path = OpenLARPAuthenticationServices.swift; sourceTree = "<group>"; };
		071E3A0FAFA43659976349F9 /* BackendSessionReadinessTests.swift */ = {isa = PBXFileReference; lastKnownFileType = sourcecode.swift; path = BackendSessionReadinessTests.swift; sourceTree = "<group>"; };
		0D6D15162F04C40E6ADCA0D5 /* OpenLARPReleasePresentationPolicy.swift */ = {isa = PBXFileReference; lastKnownFileType = sourcecode.swift; path = OpenLARPReleasePresentationPolicy.swift; sourceTree = "<group>"; };
		0DB4C508489FA00F82B277CF /* OpenLARPStore.swift */ = {isa = PBXFileReference; lastKnownFileType = sourcecode.swift; path = OpenLARPStore.swift; sourceTree = "<group>"; };
		12DC112A777D32FCE8C8EE04 /* ProfileView.swift */ = {isa = PBXFileReference; lastKnownFileType = sourcecode.swift; path = ProfileView.swift; sourceTree = "<group>"; };
		158AE576FBB3972BC8DFD382 /* TodayView.swift */ = {isa = PBXFileReference; lastKnownFileType = sourcecode.swift; path = TodayView.swift; sourceTree = "<group>"; };
		164D2BA7F6FBB1EFCC90AED1 /* V0EngineTests.swift */ = {isa = PBXFileReference; lastKnownFileType = sourcecode.swift; path = V0EngineTests.swift; sourceTree = "<group>"; };
		1A2A9257C1858D4253921255 /* OpenLARPReleaseContractTests.swift */ = {isa = PBXFileReference; lastKnownFileType = sourcecode.swift; path = OpenLARPReleaseContractTests.swift; sourceTree = "<group>"; };
		1AC8DF9C8B644BCA48495AD3 /* QuestMapView.swift */ = {isa = PBXFileReference; lastKnownFileType = sourcecode.swift; path = QuestMapView.swift; sourceTree = "<group>"; };
		21F481061931A10C3D19445D /* ProofDraftStoreTests.swift */ = {isa = PBXFileReference; lastKnownFileType = sourcecode.swift; path = ProofDraftStoreTests.swift; sourceTree = "<group>"; };
		2442B9DF6E0E422ED4F0B3C9 /* OpenLARPReleaseContractSnapshot.swift */ = {isa = PBXFileReference; lastKnownFileType = sourcecode.swift; path = OpenLARPReleaseContractSnapshot.swift; sourceTree = "<group>"; };
		2D94367071D26EC53B70E4C2 /* BetaMeasurementTests.swift */ = {isa = PBXFileReference; lastKnownFileType = sourcecode.swift; path = BetaMeasurementTests.swift; sourceTree = "<group>"; };
		3447BF3025FF32A58EA3A1A1 /* OpenLARPStyle.swift */ = {isa = PBXFileReference; lastKnownFileType = sourcecode.swift; path = OpenLARPStyle.swift; sourceTree = "<group>"; };
		39D289D644FCC10CBC98DD5C /* ShareCardExportTests.swift */ = {isa = PBXFileReference; lastKnownFileType = sourcecode.swift; path = ShareCardExportTests.swift; sourceTree = "<group>"; };
		3B9F3205F2E71E40E0CF357A /* OpenLARPInternal.app */ = {isa = PBXFileReference; includeInIndex = 0; lastKnownFileType = wrapper.application; path = OpenLARPInternal.app; sourceTree = BUILT_PRODUCTS_DIR; };
		3E597104F3EE10CDAA1EBC2C /* OpenLARPSubscriptionContracts.swift */ = {isa = PBXFileReference; lastKnownFileType = sourcecode.swift; path = OpenLARPSubscriptionContracts.swift; sourceTree = "<group>"; };
		404CAE7BD2E7B7A1199D312D /* OpenLARPBetaMeasurement.swift */ = {isa = PBXFileReference; lastKnownFileType = sourcecode.swift; path = OpenLARPBetaMeasurement.swift; sourceTree = "<group>"; };
		4C9DDB58985395E7EA0E0FAC /* OpenLARPEngine.swift */ = {isa = PBXFileReference; lastKnownFileType = sourcecode.swift; path = OpenLARPEngine.swift; sourceTree = "<group>"; };
		521FE05E7476E00B73EA58E0 /* ProofAttachmentStoreLifecycleTests.swift */ = {isa = PBXFileReference; lastKnownFileType = sourcecode.swift; path = ProofAttachmentStoreLifecycleTests.swift; sourceTree = "<group>"; };
		5444139510DC649A8A9501A8 /* AppCheckReadinessTests.swift */ = {isa = PBXFileReference; lastKnownFileType = sourcecode.swift; path = AppCheckReadinessTests.swift; sourceTree = "<group>"; };
		558B84EBAC143D9553A0A62E /* SubscriptionReadinessTests.swift */ = {isa = PBXFileReference; lastKnownFileType = sourcecode.swift; path = SubscriptionReadinessTests.swift; sourceTree = "<group>"; };
		56D7AF5561E51E598C8712C6 /* AgentChatView.swift */ = {isa = PBXFileReference; lastKnownFileType = sourcecode.swift; path = AgentChatView.swift; sourceTree = "<group>"; };
		59A0C23BA0AE98C39F37329B /* ProofImageProcessorTests.swift */ = {isa = PBXFileReference; lastKnownFileType = sourcecode.swift; path = ProofImageProcessorTests.swift; sourceTree = "<group>"; };
		5D7F4B923B6F71934D650D8F /* OpenLARPAIWorkflowContracts.swift */ = {isa = PBXFileReference; lastKnownFileType = sourcecode.swift; path = OpenLARPAIWorkflowContracts.swift; sourceTree = "<group>"; };
		601E79F5844C6D89A84C354B /* OpenLARPApp.swift */ = {isa = PBXFileReference; lastKnownFileType = sourcecode.swift; path = OpenLARPApp.swift; sourceTree = "<group>"; };
		6665166CE64A9711A38AB8EA /* ProofAttachmentViews.swift */ = {isa = PBXFileReference; lastKnownFileType = sourcecode.swift; path = ProofAttachmentViews.swift; sourceTree = "<group>"; };
		6D4386D7E8004EA2064AC46D /* Info.plist */ = {isa = PBXFileReference; lastKnownFileType = text.plist; path = Info.plist; sourceTree = "<group>"; };
		6F2DD9179C36FA9D458C063C /* OpenLARPCareerGraphStatusContent.swift */ = {isa = PBXFileReference; lastKnownFileType = sourcecode.swift; path = OpenLARPCareerGraphStatusContent.swift; sourceTree = "<group>"; };
		79FC0461697344F56BEDB135 /* OpenLARPReleaseConfiguration.swift */ = {isa = PBXFileReference; lastKnownFileType = sourcecode.swift; path = OpenLARPReleaseConfiguration.swift; sourceTree = "<group>"; };
		8681DC4AF3698AFDF55C89E7 /* AppRootView.swift */ = {isa = PBXFileReference; lastKnownFileType = sourcecode.swift; path = AppRootView.swift; sourceTree = "<group>"; };
		87BE10675BD57C8E1C60DEF5 /* OpenLARPTests.xctest */ = {isa = PBXFileReference; includeInIndex = 0; lastKnownFileType = wrapper.cfbundle; path = OpenLARPTests.xctest; sourceTree = BUILT_PRODUCTS_DIR; };
		9264BE7F3F697BC161B14E50 /* OpenLARPFirebaseBackendServices.swift */ = {isa = PBXFileReference; lastKnownFileType = sourcecode.swift; path = OpenLARPFirebaseBackendServices.swift; sourceTree = "<group>"; };
		946A052D9DA62A642F46B6FC /* OpenLARPFirebaseBootstrap.swift */ = {isa = PBXFileReference; lastKnownFileType = sourcecode.swift; path = OpenLARPFirebaseBootstrap.swift; sourceTree = "<group>"; };
		993F649425BAC9E75617D5F8 /* PrivacyInfo.xcprivacy */ = {isa = PBXFileReference; path = PrivacyInfo.xcprivacy; sourceTree = "<group>"; };
		9B52AD535F1C64725BDCE83B /* FirebaseCareerGraphSyncReadinessTests.swift */ = {isa = PBXFileReference; lastKnownFileType = sourcecode.swift; path = FirebaseCareerGraphSyncReadinessTests.swift; sourceTree = "<group>"; };
		A1D35430DA658F76CC63EB78 /* OpenLARPCloudContracts.swift */ = {isa = PBXFileReference; lastKnownFileType = sourcecode.swift; path = OpenLARPCloudContracts.swift; sourceTree = "<group>"; };
		A24A3F46612F09ED9FC79C08 /* ProofDetailView.swift */ = {isa = PBXFileReference; lastKnownFileType = sourcecode.swift; path = ProofDetailView.swift; sourceTree = "<group>"; };
		A32FE957054753A00B9C9E6F /* Assets.xcassets */ = {isa = PBXFileReference; lastKnownFileType = folder.assetcatalog; path = Assets.xcassets; sourceTree = "<group>"; };
		A38A7544CA52F69EBE427B74 /* ProofArchiveView.swift */ = {isa = PBXFileReference; lastKnownFileType = sourcecode.swift; path = ProofArchiveView.swift; sourceTree = "<group>"; };
		A65AE049F689207B56A408E9 /* QuestPreviewView.swift */ = {isa = PBXFileReference; lastKnownFileType = sourcecode.swift; path = QuestPreviewView.swift; sourceTree = "<group>"; };
		A71CED45201231C788EF17A2 /* ReleaseConfigurationTests.swift */ = {isa = PBXFileReference; lastKnownFileType = sourcecode.swift; path = ReleaseConfigurationTests.swift; sourceTree = "<group>"; };
		A76AAB73F44A0319F7F555C8 /* OpenLARPFirebaseCallableAIWorkflowService.swift */ = {isa = PBXFileReference; lastKnownFileType = sourcecode.swift; path = OpenLARPFirebaseCallableAIWorkflowService.swift; sourceTree = "<group>"; };
		A837AD904C9DDF1BD79AC6F2 /* OpenLARPReleaseContractTests.xctest */ = {isa = PBXFileReference; includeInIndex = 0; lastKnownFileType = wrapper.cfbundle; path = OpenLARPReleaseContractTests.xctest; sourceTree = BUILT_PRODUCTS_DIR; };
		A9B5407A901AC7364EF7007F /* OpenLARPPersistence.swift */ = {isa = PBXFileReference; lastKnownFileType = sourcecode.swift; path = OpenLARPPersistence.swift; sourceTree = "<group>"; };
		AF4DB2E5098EE63EAE50613B /* OpenLARP.app */ = {isa = PBXFileReference; includeInIndex = 0; lastKnownFileType = wrapper.application; path = OpenLARP.app; sourceTree = BUILT_PRODUCTS_DIR; };
		B09BB0C0A238D1B10FD983B7 /* OpenLARPBackendContracts.swift */ = {isa = PBXFileReference; lastKnownFileType = sourcecode.swift; path = OpenLARPBackendContracts.swift; sourceTree = "<group>"; };
		B2E0EAAA1BF07DECBDBE158D /* ProofReviewIntegrityTests.swift */ = {isa = PBXFileReference; lastKnownFileType = sourcecode.swift; path = ProofReviewIntegrityTests.swift; sourceTree = "<group>"; };
		B39EFD52A49CEC4F79A489C4 /* ProgressTabView.swift */ = {isa = PBXFileReference; lastKnownFileType = sourcecode.swift; path = ProgressTabView.swift; sourceTree = "<group>"; };
		B404DDA9119736B85134EDDE /* PrivacyInfo.xcprivacy */ = {isa = PBXFileReference; path = PrivacyInfo.xcprivacy; sourceTree = "<group>"; };
		B52BB775BB9A302F0E588568 /* ReleaseServiceBoundaryTests.swift */ = {isa = PBXFileReference; lastKnownFileType = sourcecode.swift; path = ReleaseServiceBoundaryTests.swift; sourceTree = "<group>"; };
		B9D4627A3B93C85AB8432AA7 /* OpenLARPShareCardExport.swift */ = {isa = PBXFileReference; lastKnownFileType = sourcecode.swift; path = OpenLARPShareCardExport.swift; sourceTree = "<group>"; };
		C33D12276193DA43E63EBAF2 /* CompletedQuestDetailView.swift */ = {isa = PBXFileReference; lastKnownFileType = sourcecode.swift; path = CompletedQuestDetailView.swift; sourceTree = "<group>"; };
		C4F4602A8D25DBEC2DAAE7B4 /* OpenLARPAppStoreFactory.swift */ = {isa = PBXFileReference; lastKnownFileType = sourcecode.swift; path = OpenLARPAppStoreFactory.swift; sourceTree = "<group>"; };
		C5FE9FFE5F44B22B0A266078 /* AuthenticationReadinessTests.swift */ = {isa = PBXFileReference; lastKnownFileType = sourcecode.swift; path = AuthenticationReadinessTests.swift; sourceTree = "<group>"; };
		C9EC89317FF4D6707724926C /* OpenLARPRevenueCatSubscriptionService.swift */ = {isa = PBXFileReference; lastKnownFileType = sourcecode.swift; path = OpenLARPRevenueCatSubscriptionService.swift; sourceTree = "<group>"; };
		CA0BD29572C6A1B22588E89D /* AIBackendContractTests.swift */ = {isa = PBXFileReference; lastKnownFileType = sourcecode.swift; path = AIBackendContractTests.swift; sourceTree = "<group>"; };
		CC0ACFAB044B7890FEF3F2D6 /* OpenLARPAgentFoundation.swift */ = {isa = PBXFileReference; lastKnownFileType = sourcecode.swift; path = OpenLARPAgentFoundation.swift; sourceTree = "<group>"; };
		D8140307FB53F34C6E1DD623 /* OpenLARPAttachmentStore.swift */ = {isa = PBXFileReference; lastKnownFileType = sourcecode.swift; path = OpenLARPAttachmentStore.swift; sourceTree = "<group>"; };
		D946DF64F47A7C90479E8173 /* CookedShareCardView.swift */ = {isa = PBXFileReference; lastKnownFileType = sourcecode.swift; path = CookedShareCardView.swift; sourceTree = "<group>"; };
		DF8AF0E1D740ACDC741F585D /* OpenLARPModels.swift */ = {isa = PBXFileReference; lastKnownFileType = sourcecode.swift; path = OpenLARPModels.swift; sourceTree = "<group>"; };
		E02D1D89FFC34F40C6425094 /* AgentDashboardView.swift */ = {isa = PBXFileReference; lastKnownFileType = sourcecode.swift; path = AgentDashboardView.swift; sourceTree = "<group>"; };
		E5ABD359BEDC7955E7EBC902 /* OpenLARPInternal.entitlements */ = {isa = PBXFileReference; lastKnownFileType = text.plist.entitlements; path = OpenLARPInternal.entitlements; sourceTree = "<group>"; };
		E9CBA4417DBE205BCE9BEEAC /* Info.plist */ = {isa = PBXFileReference; lastKnownFileType = text.plist; path = Info.plist; sourceTree = "<group>"; };
		F5123580C0ECE13B609D002C /* OpenLARPProofImageProcessor.swift */ = {isa = PBXFileReference; lastKnownFileType = sourcecode.swift; path = OpenLARPProofImageProcessor.swift; sourceTree = "<group>"; };
/* End PBXFileReference section */

/* Begin PBXFrameworksBuildPhase section */
		ADA0C9A0CE9039D46C20F52C /* Frameworks */ = {
			isa = PBXFrameworksBuildPhase;
			buildActionMask = 2147483647;
			files = (
				10324B74F7AC5158F3BDEB7B /* FirebaseCore in Frameworks */,
				4D4C1F2143F0017EE638D527 /* FirebaseAuth in Frameworks */,
				A4A78A6EA974E6B454BBCF65 /* FirebaseFirestore in Frameworks */,
				AB5340B620F1DACAABF1A409 /* FirebaseStorage in Frameworks */,
				54E8488BD24F11C2B5E77326 /* FirebaseFunctions in Frameworks */,
				9D089467ABBD684D39ED7B13 /* FirebaseAppCheck in Frameworks */,
				95D48CDAF808A94F85334C1C /* GoogleSignIn in Frameworks */,
				0CE60C7680389AC3E826A13A /* GoogleSignInSwift in Frameworks */,
				A954E78914413D926003B250 /* RevenueCat in Frameworks */,
			);
			runOnlyForDeploymentPostprocessing = 0;
		};
/* End PBXFrameworksBuildPhase section */

/* Begin PBXGroup section */
		08E5E3C74C5BC85B7AE004CC /* OpenLARPTests */ = {
			isa = PBXGroup;
			children = (
				CA0BD29572C6A1B22588E89D /* AIBackendContractTests.swift */,
				5444139510DC649A8A9501A8 /* AppCheckReadinessTests.swift */,
				C5FE9FFE5F44B22B0A266078 /* AuthenticationReadinessTests.swift */,
				071E3A0FAFA43659976349F9 /* BackendSessionReadinessTests.swift */,
				2D94367071D26EC53B70E4C2 /* BetaMeasurementTests.swift */,
				9B52AD535F1C64725BDCE83B /* FirebaseCareerGraphSyncReadinessTests.swift */,
				521FE05E7476E00B73EA58E0 /* ProofAttachmentStoreLifecycleTests.swift */,
				21F481061931A10C3D19445D /* ProofDraftStoreTests.swift */,
				59A0C23BA0AE98C39F37329B /* ProofImageProcessorTests.swift */,
				B2E0EAAA1BF07DECBDBE158D /* ProofReviewIntegrityTests.swift */,
				A71CED45201231C788EF17A2 /* ReleaseConfigurationTests.swift */,
				B52BB775BB9A302F0E588568 /* ReleaseServiceBoundaryTests.swift */,
				39D289D644FCC10CBC98DD5C /* ShareCardExportTests.swift */,
				558B84EBAC143D9553A0A62E /* SubscriptionReadinessTests.swift */,
				164D2BA7F6FBB1EFCC90AED1 /* V0EngineTests.swift */,
			);
			path = OpenLARPTests;
			sourceTree = "<group>";
		};
		0B173BE9F113EBE8E0940A7D /* OpenLARP */ = {
			isa = PBXGroup;
			children = (
				8681DC4AF3698AFDF55C89E7 /* AppRootView.swift */,
				E9CBA4417DBE205BCE9BEEAC /* Info.plist */,
				601E79F5844C6D89A84C354B /* OpenLARPApp.swift */,
				B404DDA9119736B85134EDDE /* PrivacyInfo.xcprivacy */,
				AA1F7B0DF97B169436299E1D /* Models */,
				DEB983A04649B04ECCCCB9DF /* Resources */,
				891CECA7DB3E93400647E8EC /* Style */,
				20F0E0A7EDF7E5CD73419A85 /* Views */,
			);
			path = OpenLARP;
			sourceTree = "<group>";
		};
		20F0E0A7EDF7E5CD73419A85 /* Views */ = {
			isa = PBXGroup;
			children = (
				56D7AF5561E51E598C8712C6 /* AgentChatView.swift */,
				E02D1D89FFC34F40C6425094 /* AgentDashboardView.swift */,
				C33D12276193DA43E63EBAF2 /* CompletedQuestDetailView.swift */,
				D946DF64F47A7C90479E8173 /* CookedShareCardView.swift */,
				12DC112A777D32FCE8C8EE04 /* ProfileView.swift */,
				B39EFD52A49CEC4F79A489C4 /* ProgressTabView.swift */,
				A38A7544CA52F69EBE427B74 /* ProofArchiveView.swift */,
				6665166CE64A9711A38AB8EA /* ProofAttachmentViews.swift */,
				A24A3F46612F09ED9FC79C08 /* ProofDetailView.swift */,
				1AC8DF9C8B644BCA48495AD3 /* QuestMapView.swift */,
				A65AE049F689207B56A408E9 /* QuestPreviewView.swift */,
				158AE576FBB3972BC8DFD382 /* TodayView.swift */,
			);
			path = Views;
			sourceTree = "<group>";
		};
		4B5C5E700B70D09ABD36BBAE /* OpenLARPReleaseContractTests */ = {
			isa = PBXGroup;
			children = (
				1A2A9257C1858D4253921255 /* OpenLARPReleaseContractTests.swift */,
			);
			path = OpenLARPReleaseContractTests;
			sourceTree = "<group>";
		};
		534ED8DB3E305563B59C39B7 /* OpenLARPInternal */ = {
			isa = PBXGroup;
			children = (
				6D4386D7E8004EA2064AC46D /* Info.plist */,
				E5ABD359BEDC7955E7EBC902 /* OpenLARPInternal.entitlements */,
				993F649425BAC9E75617D5F8 /* PrivacyInfo.xcprivacy */,
			);
			path = OpenLARPInternal;
			sourceTree = "<group>";
		};
		607E9569ECC61F04FDA90171 /* Products */ = {
			isa = PBXGroup;
			children = (
				AF4DB2E5098EE63EAE50613B /* OpenLARP.app */,
				3B9F3205F2E71E40E0CF357A /* OpenLARPInternal.app */,
				A837AD904C9DDF1BD79AC6F2 /* OpenLARPReleaseContractTests.xctest */,
				87BE10675BD57C8E1C60DEF5 /* OpenLARPTests.xctest */,
			);
			name = Products;
			sourceTree = "<group>";
		};
		891CECA7DB3E93400647E8EC /* Style */ = {
			isa = PBXGroup;
			children = (
				3447BF3025FF32A58EA3A1A1 /* OpenLARPStyle.swift */,
			);
			path = Style;
			sourceTree = "<group>";
		};
		AA1F7B0DF97B169436299E1D /* Models */ = {
			isa = PBXGroup;
			children = (
				CC0ACFAB044B7890FEF3F2D6 /* OpenLARPAgentFoundation.swift */,
				5D7F4B923B6F71934D650D8F /* OpenLARPAIWorkflowContracts.swift */,
				C4F4602A8D25DBEC2DAAE7B4 /* OpenLARPAppStoreFactory.swift */,
				D8140307FB53F34C6E1DD623 /* OpenLARPAttachmentStore.swift */,
				03A8E9EE6A89191074062ABB /* OpenLARPAuthenticationServices.swift */,
				B09BB0C0A238D1B10FD983B7 /* OpenLARPBackendContracts.swift */,
				404CAE7BD2E7B7A1199D312D /* OpenLARPBetaMeasurement.swift */,
				6F2DD9179C36FA9D458C063C /* OpenLARPCareerGraphStatusContent.swift */,
				A1D35430DA658F76CC63EB78 /* OpenLARPCloudContracts.swift */,
				4C9DDB58985395E7EA0E0FAC /* OpenLARPEngine.swift */,
				9264BE7F3F697BC161B14E50 /* OpenLARPFirebaseBackendServices.swift */,
				946A052D9DA62A642F46B6FC /* OpenLARPFirebaseBootstrap.swift */,
				A76AAB73F44A0319F7F555C8 /* OpenLARPFirebaseCallableAIWorkflowService.swift */,
				DF8AF0E1D740ACDC741F585D /* OpenLARPModels.swift */,
				A9B5407A901AC7364EF7007F /* OpenLARPPersistence.swift */,
				F5123580C0ECE13B609D002C /* OpenLARPProofImageProcessor.swift */,
				79FC0461697344F56BEDB135 /* OpenLARPReleaseConfiguration.swift */,
				2442B9DF6E0E422ED4F0B3C9 /* OpenLARPReleaseContractSnapshot.swift */,
				0D6D15162F04C40E6ADCA0D5 /* OpenLARPReleasePresentationPolicy.swift */,
				C9EC89317FF4D6707724926C /* OpenLARPRevenueCatSubscriptionService.swift */,
				B9D4627A3B93C85AB8432AA7 /* OpenLARPShareCardExport.swift */,
				0DB4C508489FA00F82B277CF /* OpenLARPStore.swift */,
				3E597104F3EE10CDAA1EBC2C /* OpenLARPSubscriptionContracts.swift */,
			);
			path = Models;
			sourceTree = "<group>";
		};
		CB32668AFEF85EE3A4EC6E13 = {
			isa = PBXGroup;
			children = (
				0B173BE9F113EBE8E0940A7D /* OpenLARP */,
				534ED8DB3E305563B59C39B7 /* OpenLARPInternal */,
				4B5C5E700B70D09ABD36BBAE /* OpenLARPReleaseContractTests */,
				08E5E3C74C5BC85B7AE004CC /* OpenLARPTests */,
				607E9569ECC61F04FDA90171 /* Products */,
			);
			sourceTree = "<group>";
		};
		DEB983A04649B04ECCCCB9DF /* Resources */ = {
			isa = PBXGroup;
			children = (
				A32FE957054753A00B9C9E6F /* Assets.xcassets */,
			);
			path = Resources;
			sourceTree = "<group>";
		};
/* End PBXGroup section */

/* Begin PBXNativeTarget section */
		235A760FBDE02BB247E02321 /* OpenLARP */ = {
			isa = PBXNativeTarget;
			buildConfigurationList = 681D5E170923848F44E0B9AF /* Build configuration list for PBXNativeTarget "OpenLARP" */;
			buildPhases = (
				6A6C52204282AB349E2CFFC6 /* Sources */,
				18EA64D7D4D612853C465838 /* Resources */,
			);
			buildRules = (
			);
			dependencies = (
			);
			name = OpenLARP;
			packageProductDependencies = (
			);
			productName = OpenLARP;
			productReference = AF4DB2E5098EE63EAE50613B /* OpenLARP.app */;
			productType = "com.apple.product-type.application";
		};
		6ADFA157544D3C4BE73F2DEA /* OpenLARPReleaseContractTests */ = {
			isa = PBXNativeTarget;
			buildConfigurationList = 2E1134887702809FCD08483E /* Build configuration list for PBXNativeTarget "OpenLARPReleaseContractTests" */;
			buildPhases = (
				869D0818615BAEE7F201399B /* Sources */,
			);
			buildRules = (
			);
			dependencies = (
				164DE19352940EB35A6E64CD /* PBXTargetDependency */,
			);
			name = OpenLARPReleaseContractTests;
			packageProductDependencies = (
			);
			productName = OpenLARPReleaseContractTests;
			productReference = A837AD904C9DDF1BD79AC6F2 /* OpenLARPReleaseContractTests.xctest */;
			productType = "com.apple.product-type.bundle.unit-test";
		};
		A223CB22FA7F9DAFADCF6FCB /* OpenLARPTests */ = {
			isa = PBXNativeTarget;
			buildConfigurationList = D84E7551A9791CB9AEF2D584 /* Build configuration list for PBXNativeTarget "OpenLARPTests" */;
			buildPhases = (
				4DD477D982BC6C3C7C3E9632 /* Sources */,
			);
			buildRules = (
			);
			dependencies = (
				CB1AEABEA4CBCE7035E83C45 /* PBXTargetDependency */,
			);
			name = OpenLARPTests;
			packageProductDependencies = (
			);
			productName = OpenLARPTests;
			productReference = 87BE10675BD57C8E1C60DEF5 /* OpenLARPTests.xctest */;
			productType = "com.apple.product-type.bundle.unit-test";
		};
		DB4E65A7BD000E790DD485CE /* OpenLARPInternal */ = {
			isa = PBXNativeTarget;
			buildConfigurationList = 2549CCCF49B5EAE7EC6923B7 /* Build configuration list for PBXNativeTarget "OpenLARPInternal" */;
			buildPhases = (
				81038E407FF01B84D8C0B6D4 /* Sources */,
				C70CCD99813EAAEE4FAF4CFD /* Resources */,
				ADA0C9A0CE9039D46C20F52C /* Frameworks */,
				6B8B9B40364505EFC9DC55B5 /* Copy Local Firebase Configuration */,
				00715618501203546883632F /* Copy Local RevenueCat Configuration */,
			);
			buildRules = (
			);
			dependencies = (
			);
			name = OpenLARPInternal;
			packageProductDependencies = (
				606D54EADCE77E78FD4233AC /* FirebaseCore */,
				3F803757437F71C3605C970B /* FirebaseAuth */,
				3C1FAF2556AD09AB8E0A0E0F /* FirebaseFirestore */,
				E427862DC32A18759A6492D8 /* FirebaseStorage */,
				C0AC7D45644C89C4DC16CE5B /* FirebaseFunctions */,
				FD2392F6101386C0138343E6 /* FirebaseAppCheck */,
				8E08A1252135CE39793EB641 /* GoogleSignIn */,
				48B555EE886D7450F49521A9 /* GoogleSignInSwift */,
				22F7A4126022BD6303D7FB2B /* RevenueCat */,
			);
			productName = OpenLARPInternal;
			productReference = 3B9F3205F2E71E40E0CF357A /* OpenLARPInternal.app */;
			productType = "com.apple.product-type.application";
		};
/* End PBXNativeTarget section */

/* Begin PBXProject section */
		5274AEE5066FFAFDE76D45D1 /* Project object */ = {
			isa = PBXProject;
			attributes = {
				BuildIndependentTargetsInParallel = YES;
				LastUpgradeCheck = 1430;
				TargetAttributes = {
				};
			};
			buildConfigurationList = 4E2F1C37A4684A76422083C3 /* Build configuration list for PBXProject "OpenLARP" */;
			developmentRegion = en;
			hasScannedForEncodings = 0;
			knownRegions = (
				Base,
				en,
			);
			mainGroup = CB32668AFEF85EE3A4EC6E13;
			minimizedProjectReferenceProxies = 1;
			packageReferences = (
				9E5A8DD073F1B5CDE4B6A2E4 /* XCRemoteSwiftPackageReference "firebase-ios-sdk" */,
				456EBAB02F707068B1CD2094 /* XCRemoteSwiftPackageReference "GoogleSignIn-iOS" */,
				B0FF2761DE531E170B1D24EC /* XCRemoteSwiftPackageReference "purchases-ios" */,
			);
			preferredProjectObjectVersion = 77;
			productRefGroup = 607E9569ECC61F04FDA90171 /* Products */;
			projectDirPath = "";
			projectRoot = "";
			targets = (
				235A760FBDE02BB247E02321 /* OpenLARP */,
				DB4E65A7BD000E790DD485CE /* OpenLARPInternal */,
				6ADFA157544D3C4BE73F2DEA /* OpenLARPReleaseContractTests */,
				A223CB22FA7F9DAFADCF6FCB /* OpenLARPTests */,
			);
		};
/* End PBXProject section */

/* Begin PBXResourcesBuildPhase section */
		18EA64D7D4D612853C465838 /* Resources */ = {
			isa = PBXResourcesBuildPhase;
			buildActionMask = 2147483647;
			files = (
				CEA6BF731E8B671609BDCA34 /* Assets.xcassets in Resources */,
				389927414AC444EA5D834E62 /* PrivacyInfo.xcprivacy in Resources */,
			);
			runOnlyForDeploymentPostprocessing = 0;
		};
		C70CCD99813EAAEE4FAF4CFD /* Resources */ = {
			isa = PBXResourcesBuildPhase;
			buildActionMask = 2147483647;
			files = (
				16D2FE821C548478867CC770 /* Assets.xcassets in Resources */,
				1BE4B4916314BDFBD41C2D45 /* PrivacyInfo.xcprivacy in Resources */,
			);
			runOnlyForDeploymentPostprocessing = 0;
		};
/* End PBXResourcesBuildPhase section */

/* Begin PBXShellScriptBuildPhase section */
		00715618501203546883632F /* Copy Local RevenueCat Configuration */ = {
			isa = PBXShellScriptBuildPhase;
			buildActionMask = 2147483647;
			files = (
			);
			inputFileListPaths = (
			);
			inputPaths = (
			);
			name = "Copy Local RevenueCat Configuration";
			outputFileListPaths = (
			);
			outputPaths = (
				"$(BUILT_PRODUCTS_DIR)/$(PRODUCT_NAME).app/RevenueCat-Info.plist",
			);
			runOnlyForDeploymentPostprocessing = 0;
			shellPath = /bin/sh;
			shellScript = "CONFIG_FILE=\"${SRCROOT}/OpenLARP/RevenueCat-Info.plist\"\nTARGET_FILE=\"${BUILT_PRODUCTS_DIR}/${PRODUCT_NAME}.app/RevenueCat-Info.plist\"\nif [ \"${OPENLARP_RELEASE_CHANNEL}\" != \"internal-beta\" ]; then\n  rm -f \"$TARGET_FILE\"\n  exit 0\nfi\nif [ -f \"$CONFIG_FILE\" ]; then\n  mkdir -p \"$(dirname \"$TARGET_FILE\")\"\n  cp \"$CONFIG_FILE\" \"$TARGET_FILE\"\nelse\n  rm -f \"$TARGET_FILE\"\nfi\n";
		};
		6B8B9B40364505EFC9DC55B5 /* Copy Local Firebase Configuration */ = {
			isa = PBXShellScriptBuildPhase;
			buildActionMask = 2147483647;
			files = (
			);
			inputFileListPaths = (
			);
			inputPaths = (
			);
			name = "Copy Local Firebase Configuration";
			outputFileListPaths = (
			);
			outputPaths = (
				"$(BUILT_PRODUCTS_DIR)/$(PRODUCT_NAME).app/GoogleService-Info.plist",
			);
			runOnlyForDeploymentPostprocessing = 0;
			shellPath = /bin/sh;
			shellScript = "CONFIG_FILE=\"${SRCROOT}/OpenLARP/GoogleService-Info.plist\"\nTARGET_FILE=\"${BUILT_PRODUCTS_DIR}/${PRODUCT_NAME}.app/GoogleService-Info.plist\"\nif [ \"${OPENLARP_RELEASE_CHANNEL}\" != \"internal-beta\" ]; then\n  rm -f \"$TARGET_FILE\"\n  exit 0\nfi\nif [ -f \"$CONFIG_FILE\" ]; then\n  mkdir -p \"$(dirname \"$TARGET_FILE\")\"\n  cp \"$CONFIG_FILE\" \"$TARGET_FILE\"\nelse\n  rm -f \"$TARGET_FILE\"\nfi\n";
		};
/* End PBXShellScriptBuildPhase section */

/* Begin PBXSourcesBuildPhase section */
		4DD477D982BC6C3C7C3E9632 /* Sources */ = {
			isa = PBXSourcesBuildPhase;
			buildActionMask = 2147483647;
			files = (
				940979C1D721A0E1E61590E6 /* AIBackendContractTests.swift in Sources */,
				093CC2254EA27818C33313DA /* AppCheckReadinessTests.swift in Sources */,
				3469E86770713FB77ADC6000 /* AuthenticationReadinessTests.swift in Sources */,
				36487711E483C13DA799C091 /* BackendSessionReadinessTests.swift in Sources */,
				52877978FB95B59C9302B2B9 /* BetaMeasurementTests.swift in Sources */,
				2E0F095308879A0FF0E744BC /* FirebaseCareerGraphSyncReadinessTests.swift in Sources */,
				C309599C63C1F3805EFEABA1 /* ProofAttachmentStoreLifecycleTests.swift in Sources */,
				1BC215AE731B9243BD4A118A /* ProofDraftStoreTests.swift in Sources */,
				CCF7797F0EAF9F54D2133CFB /* ProofImageProcessorTests.swift in Sources */,
				61815BF4132A61EFF1167D77 /* ProofReviewIntegrityTests.swift in Sources */,
				25823B47ADD0FCC5D9710F4D /* ReleaseConfigurationTests.swift in Sources */,
				879E93F1937AB0562AFC5457 /* ReleaseServiceBoundaryTests.swift in Sources */,
				90703ABE6E8B564BA1179B96 /* ShareCardExportTests.swift in Sources */,
				360F811DA782621C64896A27 /* SubscriptionReadinessTests.swift in Sources */,
				066022B6F446EAEBE1111E35 /* V0EngineTests.swift in Sources */,
			);
			runOnlyForDeploymentPostprocessing = 0;
		};
		6A6C52204282AB349E2CFFC6 /* Sources */ = {
			isa = PBXSourcesBuildPhase;
			buildActionMask = 2147483647;
			files = (
				68ED80BD8BCA86D0FF55459F /* AgentChatView.swift in Sources */,
				4A3ED57F10AF410BC0E36884 /* AgentDashboardView.swift in Sources */,
				69E98E51E60CFE43659236BC /* AppRootView.swift in Sources */,
				5AFEC180419B34F7CF040EB7 /* CompletedQuestDetailView.swift in Sources */,
				80194F06EC7A0AD3A535D035 /* CookedShareCardView.swift in Sources */,
				7FED685774E3A0A37BB4692A /* OpenLARPAIWorkflowContracts.swift in Sources */,
				AA18A9FAB1582A9275FA7162 /* OpenLARPAgentFoundation.swift in Sources */,
				AE1297BA0332DD5C9843B616 /* OpenLARPApp.swift in Sources */,
				6D6640D8B71B15B318D610D3 /* OpenLARPAppStoreFactory.swift in Sources */,
				AB4887FCA0C7653AA0A5FFC0 /* OpenLARPAttachmentStore.swift in Sources */,
				21B103163CA3864EA5AD74C8 /* OpenLARPAuthenticationServices.swift in Sources */,
				1874F67C93F87254F33A36AD /* OpenLARPBackendContracts.swift in Sources */,
				89E9612270DE46D7B0DE2B55 /* OpenLARPBetaMeasurement.swift in Sources */,
				E17D2CA04E8911F8C538A95A /* OpenLARPCareerGraphStatusContent.swift in Sources */,
				F380ECF5AD25C430559A830F /* OpenLARPCloudContracts.swift in Sources */,
				73D12E53D11D4CA44568D043 /* OpenLARPEngine.swift in Sources */,
				FBCE6E4D4C69B60EB23CEB0A /* OpenLARPFirebaseBackendServices.swift in Sources */,
				1DF572B1E3E57EE7FA87AC82 /* OpenLARPFirebaseBootstrap.swift in Sources */,
				BB424273A8937B30B2419351 /* OpenLARPFirebaseCallableAIWorkflowService.swift in Sources */,
				9ED25057BE1A58BA82F7BA50 /* OpenLARPModels.swift in Sources */,
				42E61DF100617B92FA6DF24F /* OpenLARPPersistence.swift in Sources */,
				49FBD678F5E4C36ABB62692A /* OpenLARPProofImageProcessor.swift in Sources */,
				21E8D7F13C40E25CB4850B6C /* OpenLARPReleaseConfiguration.swift in Sources */,
				28A9EB6E76034CFE66997860 /* OpenLARPReleaseContractSnapshot.swift in Sources */,
				522BF727DD60C11186C16355 /* OpenLARPReleasePresentationPolicy.swift in Sources */,
				6670C3A6C0A0C12B42C846D6 /* OpenLARPShareCardExport.swift in Sources */,
				98FD63DD9FE8F0E6D1606BEB /* OpenLARPStore.swift in Sources */,
				FEB94BF664A1A40EC36DC14F /* OpenLARPStyle.swift in Sources */,
				A3E3314BFBDDF9E57055E15D /* OpenLARPSubscriptionContracts.swift in Sources */,
				C34A260A0624B02D5546FB74 /* ProfileView.swift in Sources */,
				D59915296DAB4292D6F76100 /* ProgressTabView.swift in Sources */,
				32C31764411CEAE637F3BF77 /* ProofArchiveView.swift in Sources */,
				94B10889BBCB318BCD66E952 /* ProofAttachmentViews.swift in Sources */,
				9C84C795C180DDBA3E60F32B /* ProofDetailView.swift in Sources */,
				4E8C53CC1AB2DCA6BAA5ABDD /* QuestMapView.swift in Sources */,
				801E18711540F14E001E6BBF /* QuestPreviewView.swift in Sources */,
				51AE5DCE1739E7F608591FC1 /* TodayView.swift in Sources */,
			);
			runOnlyForDeploymentPostprocessing = 0;
		};
		81038E407FF01B84D8C0B6D4 /* Sources */ = {
			isa = PBXSourcesBuildPhase;
			buildActionMask = 2147483647;
			files = (
				0E9F33E87D1BF9923A35DB6A /* AgentChatView.swift in Sources */,
				84802D0DC56CC0D463D35FC9 /* AgentDashboardView.swift in Sources */,
				16EAD1E6BEACE0131D90E630 /* AppRootView.swift in Sources */,
				B8A91DA6A6EC76569653EA37 /* CompletedQuestDetailView.swift in Sources */,
				3CD390C93F63687423733772 /* CookedShareCardView.swift in Sources */,
				EEBBF6AEE3897263482F8023 /* OpenLARPAIWorkflowContracts.swift in Sources */,
				1294B65D3295EDEE15E419A1 /* OpenLARPAgentFoundation.swift in Sources */,
				9461CF8F924EE63254548527 /* OpenLARPApp.swift in Sources */,
				36903AB1E14DDC807B86EA0E /* OpenLARPAppStoreFactory.swift in Sources */,
				6B781DDD8BDB8F7E3288B178 /* OpenLARPAttachmentStore.swift in Sources */,
				0A23B58484CFD44E402E2994 /* OpenLARPAuthenticationServices.swift in Sources */,
				84BEB1579A623DDEDC703C01 /* OpenLARPBackendContracts.swift in Sources */,
				52F52AA3274E6F522B33536D /* OpenLARPBetaMeasurement.swift in Sources */,
				3B811D7C5085877E56417DCC /* OpenLARPCareerGraphStatusContent.swift in Sources */,
				4B37CA0367F6B95D86EEC263 /* OpenLARPCloudContracts.swift in Sources */,
				9900765D500A457EB5518A4D /* OpenLARPEngine.swift in Sources */,
				45453B3B95C743B6999F1A88 /* OpenLARPFirebaseBackendServices.swift in Sources */,
				FF3DED6DC187442EB2B80B45 /* OpenLARPFirebaseBootstrap.swift in Sources */,
				83E006FC15FCE9E6492E8750 /* OpenLARPFirebaseCallableAIWorkflowService.swift in Sources */,
				F03FDE7E904C382F81746339 /* OpenLARPModels.swift in Sources */,
				DAF1FF17EB7C0C81B86C0458 /* OpenLARPPersistence.swift in Sources */,
				4ED2F5F628073BFDED20EA5B /* OpenLARPProofImageProcessor.swift in Sources */,
				322E12DBF8F110DAD2C392D0 /* OpenLARPReleaseConfiguration.swift in Sources */,
				898788989E941E51F886015A /* OpenLARPReleaseContractSnapshot.swift in Sources */,
				C4D5E3334715A624A4C47CB7 /* OpenLARPReleasePresentationPolicy.swift in Sources */,
				116D7E58C05CBD7DCDF05276 /* OpenLARPRevenueCatSubscriptionService.swift in Sources */,
				35CFE7AA1BAAA4B1BF3E1EC0 /* OpenLARPShareCardExport.swift in Sources */,
				E39BB47B3A07F46EC180064C /* OpenLARPStore.swift in Sources */,
				B9F2ACEA15E34218859ECD7F /* OpenLARPStyle.swift in Sources */,
				DC1567B65BCE1E747CB90F72 /* OpenLARPSubscriptionContracts.swift in Sources */,
				BDFD72412D82B9E8D49205D1 /* ProfileView.swift in Sources */,
				E0962AAC32C66B8987A5F935 /* ProgressTabView.swift in Sources */,
				AA9A8309B3F615C91455961B /* ProofArchiveView.swift in Sources */,
				6D9949B522B4F798D5D71C90 /* ProofAttachmentViews.swift in Sources */,
				1B0206749D3B17B8D694DAE8 /* ProofDetailView.swift in Sources */,
				702A064611E7EE8523190846 /* QuestMapView.swift in Sources */,
				5719578F3701E303B3C82BAC /* QuestPreviewView.swift in Sources */,
				447E06C2B11087422B19FCDA /* TodayView.swift in Sources */,
			);
			runOnlyForDeploymentPostprocessing = 0;
		};
		869D0818615BAEE7F201399B /* Sources */ = {
			isa = PBXSourcesBuildPhase;
			buildActionMask = 2147483647;
			files = (
				2FAC3CB680B4FE7A18134A41 /* OpenLARPReleaseContractTests.swift in Sources */,
			);
			runOnlyForDeploymentPostprocessing = 0;
		};
/* End PBXSourcesBuildPhase section */

/* Begin PBXTargetDependency section */
		164DE19352940EB35A6E64CD /* PBXTargetDependency */ = {
			isa = PBXTargetDependency;
			target = 235A760FBDE02BB247E02321 /* OpenLARP */;
			targetProxy = D931471E9CC7F6E9DE8247A4 /* PBXContainerItemProxy */;
		};
		CB1AEABEA4CBCE7035E83C45 /* PBXTargetDependency */ = {
			isa = PBXTargetDependency;
			target = DB4E65A7BD000E790DD485CE /* OpenLARPInternal */;
			targetProxy = 1DB4696F27CC9E614131380E /* PBXContainerItemProxy */;
		};
/* End PBXTargetDependency section */

/* Begin XCBuildConfiguration section */
		033FDA27DFE80D8516A5A531 /* Debug */ = {
			isa = XCBuildConfiguration;
			buildSettings = {
				BUNDLE_LOADER = "$(TEST_HOST)";
				GENERATE_INFOPLIST_FILE = YES;
				LD_RUNPATH_SEARCH_PATHS = (
					"$(inherited)",
					"@executable_path/Frameworks",
					"@loader_path/Frameworks",
				);
				PRODUCT_BUNDLE_IDENTIFIER = "com.openlarp.release-contract-tests";
				SDKROOT = iphoneos;
				TARGETED_DEVICE_FAMILY = "1,2";
				TEST_HOST = "$(BUILT_PRODUCTS_DIR)/OpenLARP.app/OpenLARP";
			};
			name = Debug;
		};
		1D81B7E18F7E0BDDE120AE24 /* Release */ = {
			isa = XCBuildConfiguration;
			buildSettings = {
				ASSETCATALOG_COMPILER_APPICON_NAME = AppIcon;
				CODE_SIGN_ENTITLEMENTS = OpenLARPInternal/OpenLARPInternal.entitlements;
				CODE_SIGN_IDENTITY = "iPhone Developer";
				GOOGLE_REVERSED_CLIENT_ID = "com.googleusercontent.apps.795318771575-cqqtek2m323brvdfi62tvbmbv2oel6fq";
				INFOPLIST_FILE = OpenLARPInternal/Info.plist;
				LD_RUNPATH_SEARCH_PATHS = (
					"$(inherited)",
					"@executable_path/Frameworks",
				);
				OPENLARP_RELEASE_CHANNEL = "internal-beta";
				PRODUCT_BUNDLE_IDENTIFIER = com.openlarp.app.internal;
				PRODUCT_MODULE_NAME = OpenLARP;
				PRODUCT_NAME = OpenLARPInternal;
				SDKROOT = iphoneos;
				SWIFT_ACTIVE_COMPILATION_CONDITIONS = "$(inherited) OPENLARP_INTERNAL_SERVICES";
				TARGETED_DEVICE_FAMILY = 1;
			};
			name = Release;
		};
		344747395FFEA939BACA30B4 /* Debug */ = {
			isa = XCBuildConfiguration;
			buildSettings = {
				ASSETCATALOG_COMPILER_APPICON_NAME = AppIcon;
				CODE_SIGN_IDENTITY = "iPhone Developer";
				INFOPLIST_FILE = OpenLARP/Info.plist;
				LD_RUNPATH_SEARCH_PATHS = (
					"$(inherited)",
					"@executable_path/Frameworks",
				);
				OPENLARP_RELEASE_CHANNEL = "app-store";
				PRODUCT_BUNDLE_IDENTIFIER = com.openlarp.app;
				PRODUCT_MODULE_NAME = OpenLARP;
				PRODUCT_NAME = OpenLARP;
				SDKROOT = iphoneos;
				TARGETED_DEVICE_FAMILY = 1;
			};
			name = Debug;
		};
		3D7C6902C8A712BB004EE39D /* Release */ = {
			isa = XCBuildConfiguration;
			buildSettings = {
				ALWAYS_SEARCH_USER_PATHS = NO;
				CLANG_ANALYZER_NONNULL = YES;
				CLANG_ANALYZER_NUMBER_OBJECT_CONVERSION = YES_AGGRESSIVE;
				CLANG_CXX_LANGUAGE_STANDARD = "gnu++14";
				CLANG_CXX_LIBRARY = "libc++";
				CLANG_ENABLE_MODULES = YES;
				CLANG_ENABLE_OBJC_ARC = YES;
				CLANG_ENABLE_OBJC_WEAK = YES;
				CLANG_WARN_BLOCK_CAPTURE_AUTORELEASING = YES;
				CLANG_WARN_BOOL_CONVERSION = YES;
				CLANG_WARN_COMMA = YES;
				CLANG_WARN_CONSTANT_CONVERSION = YES;
				CLANG_WARN_DEPRECATED_OBJC_IMPLEMENTATIONS = YES;
				CLANG_WARN_DIRECT_OBJC_ISA_USAGE = YES_ERROR;
				CLANG_WARN_DOCUMENTATION_COMMENTS = YES;
				CLANG_WARN_EMPTY_BODY = YES;
				CLANG_WARN_ENUM_CONVERSION = YES;
				CLANG_WARN_INFINITE_RECURSION = YES;
				CLANG_WARN_INT_CONVERSION = YES;
				CLANG_WARN_NON_LITERAL_NULL_CONVERSION = YES;
				CLANG_WARN_OBJC_IMPLICIT_RETAIN_SELF = YES;
				CLANG_WARN_OBJC_LITERAL_CONVERSION = YES;
				CLANG_WARN_OBJC_ROOT_CLASS = YES_ERROR;
				CLANG_WARN_QUOTED_INCLUDE_IN_FRAMEWORK_HEADER = YES;
				CLANG_WARN_RANGE_LOOP_ANALYSIS = YES;
				CLANG_WARN_STRICT_PROTOTYPES = YES;
				CLANG_WARN_SUSPICIOUS_MOVE = YES;
				CLANG_WARN_UNGUARDED_AVAILABILITY = YES_AGGRESSIVE;
				CLANG_WARN_UNREACHABLE_CODE = YES;
				CLANG_WARN__DUPLICATE_METHOD_MATCH = YES;
				COPY_PHASE_STRIP = NO;
				CURRENT_PROJECT_VERSION = 1;
				DEBUG_INFORMATION_FORMAT = "dwarf-with-dsym";
				ENABLE_NS_ASSERTIONS = NO;
				ENABLE_STRICT_OBJC_MSGSEND = YES;
				GCC_C_LANGUAGE_STANDARD = gnu11;
				GCC_NO_COMMON_BLOCKS = YES;
				GCC_WARN_64_TO_32_BIT_CONVERSION = YES;
				GCC_WARN_ABOUT_RETURN_TYPE = YES_ERROR;
				GCC_WARN_UNDECLARED_SELECTOR = YES;
				GCC_WARN_UNINITIALIZED_AUTOS = YES_AGGRESSIVE;
				GCC_WARN_UNUSED_FUNCTION = YES;
				GCC_WARN_UNUSED_VARIABLE = YES;
				IPHONEOS_DEPLOYMENT_TARGET = 18.0;
				MARKETING_VERSION = 0.1.0;
				MTL_ENABLE_DEBUG_INFO = NO;
				MTL_FAST_MATH = YES;
				PRODUCT_NAME = "$(TARGET_NAME)";
				SDKROOT = iphoneos;
				SWIFT_COMPILATION_MODE = wholemodule;
				SWIFT_OPTIMIZATION_LEVEL = "-O";
				SWIFT_VERSION = 6.0;
			};
			name = Release;
		};
		56B58F096892EF919E05B5B4 /* Release */ = {
			isa = XCBuildConfiguration;
			buildSettings = {
				BUNDLE_LOADER = "$(TEST_HOST)";
				GENERATE_INFOPLIST_FILE = YES;
				LD_RUNPATH_SEARCH_PATHS = (
					"$(inherited)",
					"@executable_path/Frameworks",
					"@loader_path/Frameworks",
				);
				PRODUCT_BUNDLE_IDENTIFIER = "com.openlarp.release-contract-tests";
				SDKROOT = iphoneos;
				TARGETED_DEVICE_FAMILY = "1,2";
				TEST_HOST = "$(BUILT_PRODUCTS_DIR)/OpenLARP.app/OpenLARP";
			};
			name = Release;
		};
		84C04137DC8142CD77C1FB38 /* Release */ = {
			isa = XCBuildConfiguration;
			buildSettings = {
				ASSETCATALOG_COMPILER_APPICON_NAME = AppIcon;
				CODE_SIGN_IDENTITY = "iPhone Developer";
				INFOPLIST_FILE = OpenLARP/Info.plist;
				LD_RUNPATH_SEARCH_PATHS = (
					"$(inherited)",
					"@executable_path/Frameworks",
				);
				OPENLARP_RELEASE_CHANNEL = "app-store";
				PRODUCT_BUNDLE_IDENTIFIER = com.openlarp.app;
				PRODUCT_MODULE_NAME = OpenLARP;
				PRODUCT_NAME = OpenLARP;
				SDKROOT = iphoneos;
				TARGETED_DEVICE_FAMILY = 1;
			};
			name = Release;
		};
		9064FA53EC67D655F5118EBF /* Debug */ = {
			isa = XCBuildConfiguration;
			buildSettings = {
				BUNDLE_LOADER = "$(TEST_HOST)";
				GENERATE_INFOPLIST_FILE = YES;
				LD_RUNPATH_SEARCH_PATHS = (
					"$(inherited)",
					"@executable_path/Frameworks",
					"@loader_path/Frameworks",
				);
				PRODUCT_BUNDLE_IDENTIFIER = com.openlarp.tests;
				SDKROOT = iphoneos;
				TARGETED_DEVICE_FAMILY = "1,2";
				TEST_HOST = "$(BUILT_PRODUCTS_DIR)/OpenLARPInternal.app/OpenLARPInternal";
			};
			name = Debug;
		};
		9103700D30A362B1E0725F94 /* Release */ = {
			isa = XCBuildConfiguration;
			buildSettings = {
				BUNDLE_LOADER = "$(TEST_HOST)";
				GENERATE_INFOPLIST_FILE = YES;
				LD_RUNPATH_SEARCH_PATHS = (
					"$(inherited)",
					"@executable_path/Frameworks",
					"@loader_path/Frameworks",
				);
				PRODUCT_BUNDLE_IDENTIFIER = com.openlarp.tests;
				SDKROOT = iphoneos;
				TARGETED_DEVICE_FAMILY = "1,2";
				TEST_HOST = "$(BUILT_PRODUCTS_DIR)/OpenLARPInternal.app/OpenLARPInternal";
			};
			name = Release;
		};
		9EF1DD2B392D80DBA6385DDC /* Debug */ = {
			isa = XCBuildConfiguration;
			buildSettings = {
				ALWAYS_SEARCH_USER_PATHS = NO;
				CLANG_ANALYZER_NONNULL = YES;
				CLANG_ANALYZER_NUMBER_OBJECT_CONVERSION = YES_AGGRESSIVE;
				CLANG_CXX_LANGUAGE_STANDARD = "gnu++14";
				CLANG_CXX_LIBRARY = "libc++";
				CLANG_ENABLE_MODULES = YES;
				CLANG_ENABLE_OBJC_ARC = YES;
				CLANG_ENABLE_OBJC_WEAK = YES;
				CLANG_WARN_BLOCK_CAPTURE_AUTORELEASING = YES;
				CLANG_WARN_BOOL_CONVERSION = YES;
				CLANG_WARN_COMMA = YES;
				CLANG_WARN_CONSTANT_CONVERSION = YES;
				CLANG_WARN_DEPRECATED_OBJC_IMPLEMENTATIONS = YES;
				CLANG_WARN_DIRECT_OBJC_ISA_USAGE = YES_ERROR;
				CLANG_WARN_DOCUMENTATION_COMMENTS = YES;
				CLANG_WARN_EMPTY_BODY = YES;
				CLANG_WARN_ENUM_CONVERSION = YES;
				CLANG_WARN_INFINITE_RECURSION = YES;
				CLANG_WARN_INT_CONVERSION = YES;
				CLANG_WARN_NON_LITERAL_NULL_CONVERSION = YES;
				CLANG_WARN_OBJC_IMPLICIT_RETAIN_SELF = YES;
				CLANG_WARN_OBJC_LITERAL_CONVERSION = YES;
				CLANG_WARN_OBJC_ROOT_CLASS = YES_ERROR;
				CLANG_WARN_QUOTED_INCLUDE_IN_FRAMEWORK_HEADER = YES;
				CLANG_WARN_RANGE_LOOP_ANALYSIS = YES;
				CLANG_WARN_STRICT_PROTOTYPES = YES;
				CLANG_WARN_SUSPICIOUS_MOVE = YES;
				CLANG_WARN_UNGUARDED_AVAILABILITY = YES_AGGRESSIVE;
				CLANG_WARN_UNREACHABLE_CODE = YES;
				CLANG_WARN__DUPLICATE_METHOD_MATCH = YES;
				COPY_PHASE_STRIP = NO;
				CURRENT_PROJECT_VERSION = 1;
				DEBUG_INFORMATION_FORMAT = dwarf;
				ENABLE_STRICT_OBJC_MSGSEND = YES;
				ENABLE_TESTABILITY = YES;
				GCC_C_LANGUAGE_STANDARD = gnu11;
				GCC_DYNAMIC_NO_PIC = NO;
				GCC_NO_COMMON_BLOCKS = YES;
				GCC_OPTIMIZATION_LEVEL = 0;
				GCC_PREPROCESSOR_DEFINITIONS = (
					"$(inherited)",
					"DEBUG=1",
				);
				GCC_WARN_64_TO_32_BIT_CONVERSION = YES;
				GCC_WARN_ABOUT_RETURN_TYPE = YES_ERROR;
				GCC_WARN_UNDECLARED_SELECTOR = YES;
				GCC_WARN_UNINITIALIZED_AUTOS = YES_AGGRESSIVE;
				GCC_WARN_UNUSED_FUNCTION = YES;
				GCC_WARN_UNUSED_VARIABLE = YES;
				IPHONEOS_DEPLOYMENT_TARGET = 18.0;
				MARKETING_VERSION = 0.1.0;
				MTL_ENABLE_DEBUG_INFO = INCLUDE_SOURCE;
				MTL_FAST_MATH = YES;
				ONLY_ACTIVE_ARCH = YES;
				PRODUCT_NAME = "$(TARGET_NAME)";
				SDKROOT = iphoneos;
				SWIFT_ACTIVE_COMPILATION_CONDITIONS = DEBUG;
				SWIFT_OPTIMIZATION_LEVEL = "-Onone";
				SWIFT_VERSION = 6.0;
			};
			name = Debug;
		};
		F6994C90FC2989E711837D80 /* Debug */ = {
			isa = XCBuildConfiguration;
			buildSettings = {
				ASSETCATALOG_COMPILER_APPICON_NAME = AppIcon;
				CODE_SIGN_ENTITLEMENTS = OpenLARPInternal/OpenLARPInternal.entitlements;
				CODE_SIGN_IDENTITY = "iPhone Developer";
				GOOGLE_REVERSED_CLIENT_ID = "com.googleusercontent.apps.795318771575-cqqtek2m323brvdfi62tvbmbv2oel6fq";
				INFOPLIST_FILE = OpenLARPInternal/Info.plist;
				LD_RUNPATH_SEARCH_PATHS = (
					"$(inherited)",
					"@executable_path/Frameworks",
				);
				OPENLARP_RELEASE_CHANNEL = "internal-beta";
				PRODUCT_BUNDLE_IDENTIFIER = com.openlarp.app.internal;
				PRODUCT_MODULE_NAME = OpenLARP;
				PRODUCT_NAME = OpenLARPInternal;
				SDKROOT = iphoneos;
				SWIFT_ACTIVE_COMPILATION_CONDITIONS = "$(inherited) OPENLARP_INTERNAL_SERVICES";
				TARGETED_DEVICE_FAMILY = 1;
			};
			name = Debug;
		};
/* End XCBuildConfiguration section */

/* Begin XCConfigurationList section */
		2549CCCF49B5EAE7EC6923B7 /* Build configuration list for PBXNativeTarget "OpenLARPInternal" */ = {
			isa = XCConfigurationList;
			buildConfigurations = (
				F6994C90FC2989E711837D80 /* Debug */,
				1D81B7E18F7E0BDDE120AE24 /* Release */,
			);
			defaultConfigurationIsVisible = 0;
			defaultConfigurationName = Debug;
		};
		2E1134887702809FCD08483E /* Build configuration list for PBXNativeTarget "OpenLARPReleaseContractTests" */ = {
			isa = XCConfigurationList;
			buildConfigurations = (
				033FDA27DFE80D8516A5A531 /* Debug */,
				56B58F096892EF919E05B5B4 /* Release */,
			);
			defaultConfigurationIsVisible = 0;
			defaultConfigurationName = Debug;
		};
		4E2F1C37A4684A76422083C3 /* Build configuration list for PBXProject "OpenLARP" */ = {
			isa = XCConfigurationList;
			buildConfigurations = (
				9EF1DD2B392D80DBA6385DDC /* Debug */,
				3D7C6902C8A712BB004EE39D /* Release */,
			);
			defaultConfigurationIsVisible = 0;
			defaultConfigurationName = Debug;
		};
		681D5E170923848F44E0B9AF /* Build configuration list for PBXNativeTarget "OpenLARP" */ = {
			isa = XCConfigurationList;
			buildConfigurations = (
				344747395FFEA939BACA30B4 /* Debug */,
				84C04137DC8142CD77C1FB38 /* Release */,
			);
			defaultConfigurationIsVisible = 0;
			defaultConfigurationName = Debug;
		};
		D84E7551A9791CB9AEF2D584 /* Build configuration list for PBXNativeTarget "OpenLARPTests" */ = {
			isa = XCConfigurationList;
			buildConfigurations = (
				9064FA53EC67D655F5118EBF /* Debug */,
				9103700D30A362B1E0725F94 /* Release */,
			);
			defaultConfigurationIsVisible = 0;
			defaultConfigurationName = Debug;
		};
/* End XCConfigurationList section */

/* Begin XCRemoteSwiftPackageReference section */
		456EBAB02F707068B1CD2094 /* XCRemoteSwiftPackageReference "GoogleSignIn-iOS" */ = {
			isa = XCRemoteSwiftPackageReference;
			repositoryURL = "https://github.com/google/GoogleSignIn-iOS";
			requirement = {
				kind = exactVersion;
				version = 9.2.0;
			};
		};
		9E5A8DD073F1B5CDE4B6A2E4 /* XCRemoteSwiftPackageReference "firebase-ios-sdk" */ = {
			isa = XCRemoteSwiftPackageReference;
			repositoryURL = "https://github.com/firebase/firebase-ios-sdk";
			requirement = {
				kind = exactVersion;
				version = 12.15.0;
			};
		};
		B0FF2761DE531E170B1D24EC /* XCRemoteSwiftPackageReference "purchases-ios" */ = {
			isa = XCRemoteSwiftPackageReference;
			repositoryURL = "https://github.com/RevenueCat/purchases-ios";
			requirement = {
				kind = exactVersion;
				version = 5.79.0;
			};
		};
/* End XCRemoteSwiftPackageReference section */

/* Begin XCSwiftPackageProductDependency section */
		22F7A4126022BD6303D7FB2B /* RevenueCat */ = {
			isa = XCSwiftPackageProductDependency;
			package = B0FF2761DE531E170B1D24EC /* XCRemoteSwiftPackageReference "purchases-ios" */;
			productName = RevenueCat;
		};
		3C1FAF2556AD09AB8E0A0E0F /* FirebaseFirestore */ = {
			isa = XCSwiftPackageProductDependency;
			package = 9E5A8DD073F1B5CDE4B6A2E4 /* XCRemoteSwiftPackageReference "firebase-ios-sdk" */;
			productName = FirebaseFirestore;
		};
		3F803757437F71C3605C970B /* FirebaseAuth */ = {
			isa = XCSwiftPackageProductDependency;
			package = 9E5A8DD073F1B5CDE4B6A2E4 /* XCRemoteSwiftPackageReference "firebase-ios-sdk" */;
			productName = FirebaseAuth;
		};
		48B555EE886D7450F49521A9 /* GoogleSignInSwift */ = {
			isa = XCSwiftPackageProductDependency;
			package = 456EBAB02F707068B1CD2094 /* XCRemoteSwiftPackageReference "GoogleSignIn-iOS" */;
			productName = GoogleSignInSwift;
		};
		606D54EADCE77E78FD4233AC /* FirebaseCore */ = {
			isa = XCSwiftPackageProductDependency;
			package = 9E5A8DD073F1B5CDE4B6A2E4 /* XCRemoteSwiftPackageReference "firebase-ios-sdk" */;
			productName = FirebaseCore;
		};
		8E08A1252135CE39793EB641 /* GoogleSignIn */ = {
			isa = XCSwiftPackageProductDependency;
			package = 456EBAB02F707068B1CD2094 /* XCRemoteSwiftPackageReference "GoogleSignIn-iOS" */;
			productName = GoogleSignIn;
		};
		C0AC7D45644C89C4DC16CE5B /* FirebaseFunctions */ = {
			isa = XCSwiftPackageProductDependency;
			package = 9E5A8DD073F1B5CDE4B6A2E4 /* XCRemoteSwiftPackageReference "firebase-ios-sdk" */;
			productName = FirebaseFunctions;
		};
		E427862DC32A18759A6492D8 /* FirebaseStorage */ = {
			isa = XCSwiftPackageProductDependency;
			package = 9E5A8DD073F1B5CDE4B6A2E4 /* XCRemoteSwiftPackageReference "firebase-ios-sdk" */;
			productName = FirebaseStorage;
		};
		FD2392F6101386C0138343E6 /* FirebaseAppCheck */ = {
			isa = XCSwiftPackageProductDependency;
			package = 9E5A8DD073F1B5CDE4B6A2E4 /* XCRemoteSwiftPackageReference "firebase-ios-sdk" */;
			productName = FirebaseAppCheck;
		};
/* End XCSwiftPackageProductDependency section */
	};
	rootObject = 5274AEE5066FFAFDE76D45D1 /* Project object */;
}
