// !$*UTF8*$!
{
	archiveVersion = 1;
	classes = {
	};
	objectVersion = 77;
	objects = {

/* Begin PBXBuildFile section */
		066022B6F446EAEBE1111E35 /* V0EngineTests.swift in Sources */ = {isa = PBXBuildFile; fileRef = 164D2BA7F6FBB1EFCC90AED1 /* V0EngineTests.swift */; };
		32C31764411CEAE637F3BF77 /* ProofArchiveView.swift in Sources */ = {isa = PBXBuildFile; fileRef = A38A7544CA52F69EBE427B74 /* ProofArchiveView.swift */; };
		42E61DF100617B92FA6DF24F /* OpenLARPPersistence.swift in Sources */ = {isa = PBXBuildFile; fileRef = A9B5407A901AC7364EF7007F /* OpenLARPPersistence.swift */; };
		4E8C53CC1AB2DCA6BAA5ABDD /* QuestMapView.swift in Sources */ = {isa = PBXBuildFile; fileRef = 1AC8DF9C8B644BCA48495AD3 /* QuestMapView.swift */; };
		51AE5DCE1739E7F608591FC1 /* TodayView.swift in Sources */ = {isa = PBXBuildFile; fileRef = 158AE576FBB3972BC8DFD382 /* TodayView.swift */; };
		5AFEC180419B34F7CF040EB7 /* CompletedQuestDetailView.swift in Sources */ = {isa = PBXBuildFile; fileRef = C33D12276193DA43E63EBAF2 /* CompletedQuestDetailView.swift */; };
		68ED80BD8BCA86D0FF55459F /* AgentChatView.swift in Sources */ = {isa = PBXBuildFile; fileRef = 56D7AF5561E51E598C8712C6 /* AgentChatView.swift */; };
		69E98E51E60CFE43659236BC /* AppRootView.swift in Sources */ = {isa = PBXBuildFile; fileRef = 8681DC4AF3698AFDF55C89E7 /* AppRootView.swift */; };
		73D12E53D11D4CA44568D043 /* OpenLARPEngine.swift in Sources */ = {isa = PBXBuildFile; fileRef = 4C9DDB58985395E7EA0E0FAC /* OpenLARPEngine.swift */; };
		801E18711540F14E001E6BBF /* QuestPreviewView.swift in Sources */ = {isa = PBXBuildFile; fileRef = A65AE049F689207B56A408E9 /* QuestPreviewView.swift */; };
		94B10889BBCB318BCD66E952 /* ProofAttachmentViews.swift in Sources */ = {isa = PBXBuildFile; fileRef = 6665166CE64A9711A38AB8EA /* ProofAttachmentViews.swift */; };
		98FD63DD9FE8F0E6D1606BEB /* OpenLARPStore.swift in Sources */ = {isa = PBXBuildFile; fileRef = 0DB4C508489FA00F82B277CF /* OpenLARPStore.swift */; };
		9C84C795C180DDBA3E60F32B /* ProofDetailView.swift in Sources */ = {isa = PBXBuildFile; fileRef = A24A3F46612F09ED9FC79C08 /* ProofDetailView.swift */; };
		9ED25057BE1A58BA82F7BA50 /* OpenLARPModels.swift in Sources */ = {isa = PBXBuildFile; fileRef = DF8AF0E1D740ACDC741F585D /* OpenLARPModels.swift */; };
		AB4887FCA0C7653AA0A5FFC0 /* OpenLARPAttachmentStore.swift in Sources */ = {isa = PBXBuildFile; fileRef = D8140307FB53F34C6E1DD623 /* OpenLARPAttachmentStore.swift */; };
		AE1297BA0332DD5C9843B616 /* OpenLARPApp.swift in Sources */ = {isa = PBXBuildFile; fileRef = 601E79F5844C6D89A84C354B /* OpenLARPApp.swift */; };
		C34A260A0624B02D5546FB74 /* ProfileView.swift in Sources */ = {isa = PBXBuildFile; fileRef = 12DC112A777D32FCE8C8EE04 /* ProfileView.swift */; };
		CEA6BF731E8B671609BDCA34 /* Assets.xcassets in Resources */ = {isa = PBXBuildFile; fileRef = A32FE957054753A00B9C9E6F /* Assets.xcassets */; };
		D59915296DAB4292D6F76100 /* ProgressTabView.swift in Sources */ = {isa = PBXBuildFile; fileRef = B39EFD52A49CEC4F79A489C4 /* ProgressTabView.swift */; };
		FEB94BF664A1A40EC36DC14F /* OpenLARPStyle.swift in Sources */ = {isa = PBXBuildFile; fileRef = 3447BF3025FF32A58EA3A1A1 /* OpenLARPStyle.swift */; };
/* End PBXBuildFile section */

/* Begin PBXContainerItemProxy section */
		8AB709E8399B8A6594442668 /* PBXContainerItemProxy */ = {
			isa = PBXContainerItemProxy;
			containerPortal = 5274AEE5066FFAFDE76D45D1 /* Project object */;
			proxyType = 1;
			remoteGlobalIDString = 235A760FBDE02BB247E02321;
			remoteInfo = OpenLARP;
		};
/* End PBXContainerItemProxy section */

/* Begin PBXFileReference section */
		0DB4C508489FA00F82B277CF /* OpenLARPStore.swift */ = {isa = PBXFileReference; lastKnownFileType = sourcecode.swift; path = OpenLARPStore.swift; sourceTree = "<group>"; };
		12DC112A777D32FCE8C8EE04 /* ProfileView.swift */ = {isa = PBXFileReference; lastKnownFileType = sourcecode.swift; path = ProfileView.swift; sourceTree = "<group>"; };
		158AE576FBB3972BC8DFD382 /* TodayView.swift */ = {isa = PBXFileReference; lastKnownFileType = sourcecode.swift; path = TodayView.swift; sourceTree = "<group>"; };
		164D2BA7F6FBB1EFCC90AED1 /* V0EngineTests.swift */ = {isa = PBXFileReference; lastKnownFileType = sourcecode.swift; path = V0EngineTests.swift; sourceTree = "<group>"; };
		1AC8DF9C8B644BCA48495AD3 /* QuestMapView.swift */ = {isa = PBXFileReference; lastKnownFileType = sourcecode.swift; path = QuestMapView.swift; sourceTree = "<group>"; };
		3447BF3025FF32A58EA3A1A1 /* OpenLARPStyle.swift */ = {isa = PBXFileReference; lastKnownFileType = sourcecode.swift; path = OpenLARPStyle.swift; sourceTree = "<group>"; };
		4C9DDB58985395E7EA0E0FAC /* OpenLARPEngine.swift */ = {isa = PBXFileReference; lastKnownFileType = sourcecode.swift; path = OpenLARPEngine.swift; sourceTree = "<group>"; };
		56D7AF5561E51E598C8712C6 /* AgentChatView.swift */ = {isa = PBXFileReference; lastKnownFileType = sourcecode.swift; path = AgentChatView.swift; sourceTree = "<group>"; };
		601E79F5844C6D89A84C354B /* OpenLARPApp.swift */ = {isa = PBXFileReference; lastKnownFileType = sourcecode.swift; path = OpenLARPApp.swift; sourceTree = "<group>"; };
		6665166CE64A9711A38AB8EA /* ProofAttachmentViews.swift */ = {isa = PBXFileReference; lastKnownFileType = sourcecode.swift; path = ProofAttachmentViews.swift; sourceTree = "<group>"; };
		8681DC4AF3698AFDF55C89E7 /* AppRootView.swift */ = {isa = PBXFileReference; lastKnownFileType = sourcecode.swift; path = AppRootView.swift; sourceTree = "<group>"; };
		87BE10675BD57C8E1C60DEF5 /* OpenLARPTests.xctest */ = {isa = PBXFileReference; includeInIndex = 0; lastKnownFileType = wrapper.cfbundle; path = OpenLARPTests.xctest; sourceTree = BUILT_PRODUCTS_DIR; };
		A24A3F46612F09ED9FC79C08 /* ProofDetailView.swift */ = {isa = PBXFileReference; lastKnownFileType = sourcecode.swift; path = ProofDetailView.swift; sourceTree = "<group>"; };
		A32FE957054753A00B9C9E6F /* Assets.xcassets */ = {isa = PBXFileReference; lastKnownFileType = folder.assetcatalog; path = Assets.xcassets; sourceTree = "<group>"; };
		A38A7544CA52F69EBE427B74 /* ProofArchiveView.swift */ = {isa = PBXFileReference; lastKnownFileType = sourcecode.swift; path = ProofArchiveView.swift; sourceTree = "<group>"; };
		A65AE049F689207B56A408E9 /* QuestPreviewView.swift */ = {isa = PBXFileReference; lastKnownFileType = sourcecode.swift; path = QuestPreviewView.swift; sourceTree = "<group>"; };
		A9B5407A901AC7364EF7007F /* OpenLARPPersistence.swift */ = {isa = PBXFileReference; lastKnownFileType = sourcecode.swift; path = OpenLARPPersistence.swift; sourceTree = "<group>"; };
		AF4DB2E5098EE63EAE50613B /* OpenLARP.app */ = {isa = PBXFileReference; includeInIndex = 0; lastKnownFileType = wrapper.application; path = OpenLARP.app; sourceTree = BUILT_PRODUCTS_DIR; };
		B39EFD52A49CEC4F79A489C4 /* ProgressTabView.swift */ = {isa = PBXFileReference; lastKnownFileType = sourcecode.swift; path = ProgressTabView.swift; sourceTree = "<group>"; };
		C33D12276193DA43E63EBAF2 /* CompletedQuestDetailView.swift */ = {isa = PBXFileReference; lastKnownFileType = sourcecode.swift; path = CompletedQuestDetailView.swift; sourceTree = "<group>"; };
		D8140307FB53F34C6E1DD623 /* OpenLARPAttachmentStore.swift */ = {isa = PBXFileReference; lastKnownFileType = sourcecode.swift; path = OpenLARPAttachmentStore.swift; sourceTree = "<group>"; };
		DF8AF0E1D740ACDC741F585D /* OpenLARPModels.swift */ = {isa = PBXFileReference; lastKnownFileType = sourcecode.swift; path = OpenLARPModels.swift; sourceTree = "<group>"; };
/* End PBXFileReference section */

/* Begin PBXGroup section */
		08E5E3C74C5BC85B7AE004CC /* OpenLARPTests */ = {
			isa = PBXGroup;
			children = (
				164D2BA7F6FBB1EFCC90AED1 /* V0EngineTests.swift */,
			);
			path = OpenLARPTests;
			sourceTree = "<group>";
		};
		0B173BE9F113EBE8E0940A7D /* OpenLARP */ = {
			isa = PBXGroup;
			children = (
				8681DC4AF3698AFDF55C89E7 /* AppRootView.swift */,
				601E79F5844C6D89A84C354B /* OpenLARPApp.swift */,
				AA1F7B0DF97B169436299E1D /* Models */,
				DEB983A04649B04ECCCCB9DF /* Resources */,
				891CECA7DB3E93400647E8EC /* Style */,
				20F0E0A7EDF7E5CD73419A85 /* Views */,
			);
			path = OpenLARP;
			sourceTree = "<group>";
		};
		20F0E0A7EDF7E5CD73419A85 /* Views */ = {
			isa = PBXGroup;
			children = (
				56D7AF5561E51E598C8712C6 /* AgentChatView.swift */,
				C33D12276193DA43E63EBAF2 /* CompletedQuestDetailView.swift */,
				12DC112A777D32FCE8C8EE04 /* ProfileView.swift */,
				B39EFD52A49CEC4F79A489C4 /* ProgressTabView.swift */,
				A38A7544CA52F69EBE427B74 /* ProofArchiveView.swift */,
				6665166CE64A9711A38AB8EA /* ProofAttachmentViews.swift */,
				A24A3F46612F09ED9FC79C08 /* ProofDetailView.swift */,
				1AC8DF9C8B644BCA48495AD3 /* QuestMapView.swift */,
				A65AE049F689207B56A408E9 /* QuestPreviewView.swift */,
				158AE576FBB3972BC8DFD382 /* TodayView.swift */,
			);
			path = Views;
			sourceTree = "<group>";
		};
		607E9569ECC61F04FDA90171 /* Products */ = {
			isa = PBXGroup;
			children = (
				AF4DB2E5098EE63EAE50613B /* OpenLARP.app */,
				87BE10675BD57C8E1C60DEF5 /* OpenLARPTests.xctest */,
			);
			name = Products;
			sourceTree = "<group>";
		};
		891CECA7DB3E93400647E8EC /* Style */ = {
			isa = PBXGroup;
			children = (
				3447BF3025FF32A58EA3A1A1 /* OpenLARPStyle.swift */,
			);
			path = Style;
			sourceTree = "<group>";
		};
		AA1F7B0DF97B169436299E1D /* Models */ = {
			isa = PBXGroup;
			children = (
				D8140307FB53F34C6E1DD623 /* OpenLARPAttachmentStore.swift */,
				4C9DDB58985395E7EA0E0FAC /* OpenLARPEngine.swift */,
				DF8AF0E1D740ACDC741F585D /* OpenLARPModels.swift */,
				A9B5407A901AC7364EF7007F /* OpenLARPPersistence.swift */,
				0DB4C508489FA00F82B277CF /* OpenLARPStore.swift */,
			);
			path = Models;
			sourceTree = "<group>";
		};
		CB32668AFEF85EE3A4EC6E13 = {
			isa = PBXGroup;
			children = (
				0B173BE9F113EBE8E0940A7D /* OpenLARP */,
				08E5E3C74C5BC85B7AE004CC /* OpenLARPTests */,
				607E9569ECC61F04FDA90171 /* Products */,
			);
			sourceTree = "<group>";
		};
		DEB983A04649B04ECCCCB9DF /* Resources */ = {
			isa = PBXGroup;
			children = (
				A32FE957054753A00B9C9E6F /* Assets.xcassets */,
			);
			path = Resources;
			sourceTree = "<group>";
		};
/* End PBXGroup section */

/* Begin PBXNativeTarget section */
		235A760FBDE02BB247E02321 /* OpenLARP */ = {
			isa = PBXNativeTarget;
			buildConfigurationList = 681D5E170923848F44E0B9AF /* Build configuration list for PBXNativeTarget "OpenLARP" */;
			buildPhases = (
				6A6C52204282AB349E2CFFC6 /* Sources */,
				18EA64D7D4D612853C465838 /* Resources */,
			);
			buildRules = (
			);
			dependencies = (
			);
			name = OpenLARP;
			packageProductDependencies = (
			);
			productName = OpenLARP;
			productReference = AF4DB2E5098EE63EAE50613B /* OpenLARP.app */;
			productType = "com.apple.product-type.application";
		};
		A223CB22FA7F9DAFADCF6FCB /* OpenLARPTests */ = {
			isa = PBXNativeTarget;
			buildConfigurationList = D84E7551A9791CB9AEF2D584 /* Build configuration list for PBXNativeTarget "OpenLARPTests" */;
			buildPhases = (
				4DD477D982BC6C3C7C3E9632 /* Sources */,
			);
			buildRules = (
			);
			dependencies = (
				B72BF03ACD866D082294A62B /* PBXTargetDependency */,
			);
			name = OpenLARPTests;
			packageProductDependencies = (
			);
			productName = OpenLARPTests;
			productReference = 87BE10675BD57C8E1C60DEF5 /* OpenLARPTests.xctest */;
			productType = "com.apple.product-type.bundle.unit-test";
		};
/* End PBXNativeTarget section */

/* Begin PBXProject section */
		5274AEE5066FFAFDE76D45D1 /* Project object */ = {
			isa = PBXProject;
			attributes = {
				BuildIndependentTargetsInParallel = YES;
				LastUpgradeCheck = 1430;
				TargetAttributes = {
				};
			};
			buildConfigurationList = 4E2F1C37A4684A76422083C3 /* Build configuration list for PBXProject "OpenLARP" */;
			developmentRegion = en;
			hasScannedForEncodings = 0;
			knownRegions = (
				Base,
				en,
			);
			mainGroup = CB32668AFEF85EE3A4EC6E13;
			minimizedProjectReferenceProxies = 1;
			preferredProjectObjectVersion = 77;
			productRefGroup = 607E9569ECC61F04FDA90171 /* Products */;
			projectDirPath = "";
			projectRoot = "";
			targets = (
				235A760FBDE02BB247E02321 /* OpenLARP */,
				A223CB22FA7F9DAFADCF6FCB /* OpenLARPTests */,
			);
		};
/* End PBXProject section */

/* Begin PBXResourcesBuildPhase section */
		18EA64D7D4D612853C465838 /* Resources */ = {
			isa = PBXResourcesBuildPhase;
			buildActionMask = 2147483647;
			files = (
				CEA6BF731E8B671609BDCA34 /* Assets.xcassets in Resources */,
			);
			runOnlyForDeploymentPostprocessing = 0;
		};
/* End PBXResourcesBuildPhase section */

/* Begin PBXSourcesBuildPhase section */
		4DD477D982BC6C3C7C3E9632 /* Sources */ = {
			isa = PBXSourcesBuildPhase;
			buildActionMask = 2147483647;
			files = (
				066022B6F446EAEBE1111E35 /* V0EngineTests.swift in Sources */,
			);
			runOnlyForDeploymentPostprocessing = 0;
		};
		6A6C52204282AB349E2CFFC6 /* Sources */ = {
			isa = PBXSourcesBuildPhase;
			buildActionMask = 2147483647;
			files = (
				68ED80BD8BCA86D0FF55459F /* AgentChatView.swift in Sources */,
				69E98E51E60CFE43659236BC /* AppRootView.swift in Sources */,
				5AFEC180419B34F7CF040EB7 /* CompletedQuestDetailView.swift in Sources */,
				AE1297BA0332DD5C9843B616 /* OpenLARPApp.swift in Sources */,
				AB4887FCA0C7653AA0A5FFC0 /* OpenLARPAttachmentStore.swift in Sources */,
				73D12E53D11D4CA44568D043 /* OpenLARPEngine.swift in Sources */,
				9ED25057BE1A58BA82F7BA50 /* OpenLARPModels.swift in Sources */,
				42E61DF100617B92FA6DF24F /* OpenLARPPersistence.swift in Sources */,
				98FD63DD9FE8F0E6D1606BEB /* OpenLARPStore.swift in Sources */,
				FEB94BF664A1A40EC36DC14F /* OpenLARPStyle.swift in Sources */,
				C34A260A0624B02D5546FB74 /* ProfileView.swift in Sources */,
				D59915296DAB4292D6F76100 /* ProgressTabView.swift in Sources */,
				32C31764411CEAE637F3BF77 /* ProofArchiveView.swift in Sources */,
				94B10889BBCB318BCD66E952 /* ProofAttachmentViews.swift in Sources */,
				9C84C795C180DDBA3E60F32B /* ProofDetailView.swift in Sources */,
				4E8C53CC1AB2DCA6BAA5ABDD /* QuestMapView.swift in Sources */,
				801E18711540F14E001E6BBF /* QuestPreviewView.swift in Sources */,
				51AE5DCE1739E7F608591FC1 /* TodayView.swift in Sources */,
			);
			runOnlyForDeploymentPostprocessing = 0;
		};
/* End PBXSourcesBuildPhase section */

/* Begin PBXTargetDependency section */
		B72BF03ACD866D082294A62B /* PBXTargetDependency */ = {
			isa = PBXTargetDependency;
			target = 235A760FBDE02BB247E02321 /* OpenLARP */;
			targetProxy = 8AB709E8399B8A6594442668 /* PBXContainerItemProxy */;
		};
/* End PBXTargetDependency section */

/* Begin XCBuildConfiguration section */
		344747395FFEA939BACA30B4 /* Debug */ = {
			isa = XCBuildConfiguration;
			buildSettings = {
				ASSETCATALOG_COMPILER_APPICON_NAME = AppIcon;
				CODE_SIGN_IDENTITY = "iPhone Developer";
				GENERATE_INFOPLIST_FILE = YES;
				INFOPLIST_KEY_CFBundleDisplayName = OpenLARP;
				INFOPLIST_KEY_UIApplicationSceneManifest_Generation = YES;
				INFOPLIST_KEY_UIApplicationSupportsIndirectInputEvents = YES;
				INFOPLIST_KEY_UILaunchScreen_Generation = YES;
				LD_RUNPATH_SEARCH_PATHS = (
					"$(inherited)",
					"@executable_path/Frameworks",
				);
				PRODUCT_BUNDLE_IDENTIFIER = com.openlarp.app;
				SDKROOT = iphoneos;
				TARGETED_DEVICE_FAMILY = 1;
			};
			name = Debug;
		};
		3D7C6902C8A712BB004EE39D /* Release */ = {
			isa = XCBuildConfiguration;
			buildSettings = {
				ALWAYS_SEARCH_USER_PATHS = NO;
				CLANG_ANALYZER_NONNULL = YES;
				CLANG_ANALYZER_NUMBER_OBJECT_CONVERSION = YES_AGGRESSIVE;
				CLANG_CXX_LANGUAGE_STANDARD = "gnu++14";
				CLANG_CXX_LIBRARY = "libc++";
				CLANG_ENABLE_MODULES = YES;
				CLANG_ENABLE_OBJC_ARC = YES;
				CLANG_ENABLE_OBJC_WEAK = YES;
				CLANG_WARN_BLOCK_CAPTURE_AUTORELEASING = YES;
				CLANG_WARN_BOOL_CONVERSION = YES;
				CLANG_WARN_COMMA = YES;
				CLANG_WARN_CONSTANT_CONVERSION = YES;
				CLANG_WARN_DEPRECATED_OBJC_IMPLEMENTATIONS = YES;
				CLANG_WARN_DIRECT_OBJC_ISA_USAGE = YES_ERROR;
				CLANG_WARN_DOCUMENTATION_COMMENTS = YES;
				CLANG_WARN_EMPTY_BODY = YES;
				CLANG_WARN_ENUM_CONVERSION = YES;
				CLANG_WARN_INFINITE_RECURSION = YES;
				CLANG_WARN_INT_CONVERSION = YES;
				CLANG_WARN_NON_LITERAL_NULL_CONVERSION = YES;
				CLANG_WARN_OBJC_IMPLICIT_RETAIN_SELF = YES;
				CLANG_WARN_OBJC_LITERAL_CONVERSION = YES;
				CLANG_WARN_OBJC_ROOT_CLASS = YES_ERROR;
				CLANG_WARN_QUOTED_INCLUDE_IN_FRAMEWORK_HEADER = YES;
				CLANG_WARN_RANGE_LOOP_ANALYSIS = YES;
				CLANG_WARN_STRICT_PROTOTYPES = YES;
				CLANG_WARN_SUSPICIOUS_MOVE = YES;
				CLANG_WARN_UNGUARDED_AVAILABILITY = YES_AGGRESSIVE;
				CLANG_WARN_UNREACHABLE_CODE = YES;
				CLANG_WARN__DUPLICATE_METHOD_MATCH = YES;
				COPY_PHASE_STRIP = NO;
				CURRENT_PROJECT_VERSION = 1;
				DEBUG_INFORMATION_FORMAT = "dwarf-with-dsym";
				ENABLE_NS_ASSERTIONS = NO;
				ENABLE_STRICT_OBJC_MSGSEND = YES;
				GCC_C_LANGUAGE_STANDARD = gnu11;
				GCC_NO_COMMON_BLOCKS = YES;
				GCC_WARN_64_TO_32_BIT_CONVERSION = YES;
				GCC_WARN_ABOUT_RETURN_TYPE = YES_ERROR;
				GCC_WARN_UNDECLARED_SELECTOR = YES;
				GCC_WARN_UNINITIALIZED_AUTOS = YES_AGGRESSIVE;
				GCC_WARN_UNUSED_FUNCTION = YES;
				GCC_WARN_UNUSED_VARIABLE = YES;
				IPHONEOS_DEPLOYMENT_TARGET = 18.0;
				MARKETING_VERSION = 0.1.0;
				MTL_ENABLE_DEBUG_INFO = NO;
				MTL_FAST_MATH = YES;
				PRODUCT_NAME = "$(TARGET_NAME)";
				SDKROOT = iphoneos;
				SWIFT_COMPILATION_MODE = wholemodule;
				SWIFT_OPTIMIZATION_LEVEL = "-O";
				SWIFT_VERSION = 6.0;
			};
			name = Release;
		};
		84C04137DC8142CD77C1FB38 /* Release */ = {
			isa = XCBuildConfiguration;
			buildSettings = {
				ASSETCATALOG_COMPILER_APPICON_NAME = AppIcon;
				CODE_SIGN_IDENTITY = "iPhone Developer";
				GENERATE_INFOPLIST_FILE = YES;
				INFOPLIST_KEY_CFBundleDisplayName = OpenLARP;
				INFOPLIST_KEY_UIApplicationSceneManifest_Generation = YES;
				INFOPLIST_KEY_UIApplicationSupportsIndirectInputEvents = YES;
				INFOPLIST_KEY_UILaunchScreen_Generation = YES;
				LD_RUNPATH_SEARCH_PATHS = (
					"$(inherited)",
					"@executable_path/Frameworks",
				);
				PRODUCT_BUNDLE_IDENTIFIER = com.openlarp.app;
				SDKROOT = iphoneos;
				TARGETED_DEVICE_FAMILY = 1;
			};
			name = Release;
		};
		9064FA53EC67D655F5118EBF /* Debug */ = {
			isa = XCBuildConfiguration;
			buildSettings = {
				BUNDLE_LOADER = "$(TEST_HOST)";
				GENERATE_INFOPLIST_FILE = YES;
				LD_RUNPATH_SEARCH_PATHS = (
					"$(inherited)",
					"@executable_path/Frameworks",
					"@loader_path/Frameworks",
				);
				PRODUCT_BUNDLE_IDENTIFIER = com.openlarp.tests;
				SDKROOT = iphoneos;
				TARGETED_DEVICE_FAMILY = "1,2";
				TEST_HOST = "$(BUILT_PRODUCTS_DIR)/OpenLARP.app/OpenLARP";
			};
			name = Debug;
		};
		9103700D30A362B1E0725F94 /* Release */ = {
			isa = XCBuildConfiguration;
			buildSettings = {
				BUNDLE_LOADER = "$(TEST_HOST)";
				GENERATE_INFOPLIST_FILE = YES;
				LD_RUNPATH_SEARCH_PATHS = (
					"$(inherited)",
					"@executable_path/Frameworks",
					"@loader_path/Frameworks",
				);
				PRODUCT_BUNDLE_IDENTIFIER = com.openlarp.tests;
				SDKROOT = iphoneos;
				TARGETED_DEVICE_FAMILY = "1,2";
				TEST_HOST = "$(BUILT_PRODUCTS_DIR)/OpenLARP.app/OpenLARP";
			};
			name = Release;
		};
		9EF1DD2B392D80DBA6385DDC /* Debug */ = {
			isa = XCBuildConfiguration;
			buildSettings = {
				ALWAYS_SEARCH_USER_PATHS = NO;
				CLANG_ANALYZER_NONNULL = YES;
				CLANG_ANALYZER_NUMBER_OBJECT_CONVERSION = YES_AGGRESSIVE;
				CLANG_CXX_LANGUAGE_STANDARD = "gnu++14";
				CLANG_CXX_LIBRARY = "libc++";
				CLANG_ENABLE_MODULES = YES;
				CLANG_ENABLE_OBJC_ARC = YES;
				CLANG_ENABLE_OBJC_WEAK = YES;
				CLANG_WARN_BLOCK_CAPTURE_AUTORELEASING = YES;
				CLANG_WARN_BOOL_CONVERSION = YES;
				CLANG_WARN_COMMA = YES;
				CLANG_WARN_CONSTANT_CONVERSION = YES;
				CLANG_WARN_DEPRECATED_OBJC_IMPLEMENTATIONS = YES;
				CLANG_WARN_DIRECT_OBJC_ISA_USAGE = YES_ERROR;
				CLANG_WARN_DOCUMENTATION_COMMENTS = YES;
				CLANG_WARN_EMPTY_BODY = YES;
				CLANG_WARN_ENUM_CONVERSION = YES;
				CLANG_WARN_INFINITE_RECURSION = YES;
				CLANG_WARN_INT_CONVERSION = YES;
				CLANG_WARN_NON_LITERAL_NULL_CONVERSION = YES;
				CLANG_WARN_OBJC_IMPLICIT_RETAIN_SELF = YES;
				CLANG_WARN_OBJC_LITERAL_CONVERSION = YES;
				CLANG_WARN_OBJC_ROOT_CLASS = YES_ERROR;
				CLANG_WARN_QUOTED_INCLUDE_IN_FRAMEWORK_HEADER = YES;
				CLANG_WARN_RANGE_LOOP_ANALYSIS = YES;
				CLANG_WARN_STRICT_PROTOTYPES = YES;
				CLANG_WARN_SUSPICIOUS_MOVE = YES;
				CLANG_WARN_UNGUARDED_AVAILABILITY = YES_AGGRESSIVE;
				CLANG_WARN_UNREACHABLE_CODE = YES;
				CLANG_WARN__DUPLICATE_METHOD_MATCH = YES;
				COPY_PHASE_STRIP = NO;
				CURRENT_PROJECT_VERSION = 1;
				DEBUG_INFORMATION_FORMAT = dwarf;
				ENABLE_STRICT_OBJC_MSGSEND = YES;
				ENABLE_TESTABILITY = YES;
				GCC_C_LANGUAGE_STANDARD = gnu11;
				GCC_DYNAMIC_NO_PIC = NO;
				GCC_NO_COMMON_BLOCKS = YES;
				GCC_OPTIMIZATION_LEVEL = 0;
				GCC_PREPROCESSOR_DEFINITIONS = (
					"$(inherited)",
					"DEBUG=1",
				);
				GCC_WARN_64_TO_32_BIT_CONVERSION = YES;
				GCC_WARN_ABOUT_RETURN_TYPE = YES_ERROR;
				GCC_WARN_UNDECLARED_SELECTOR = YES;
				GCC_WARN_UNINITIALIZED_AUTOS = YES_AGGRESSIVE;
				GCC_WARN_UNUSED_FUNCTION = YES;
				GCC_WARN_UNUSED_VARIABLE = YES;
				IPHONEOS_DEPLOYMENT_TARGET = 18.0;
				MARKETING_VERSION = 0.1.0;
				MTL_ENABLE_DEBUG_INFO = INCLUDE_SOURCE;
				MTL_FAST_MATH = YES;
				ONLY_ACTIVE_ARCH = YES;
				PRODUCT_NAME = "$(TARGET_NAME)";
				SDKROOT = iphoneos;
				SWIFT_ACTIVE_COMPILATION_CONDITIONS = DEBUG;
				SWIFT_OPTIMIZATION_LEVEL = "-Onone";
				SWIFT_VERSION = 6.0;
			};
			name = Debug;
		};
/* End XCBuildConfiguration section */

/* Begin XCConfigurationList section */
		4E2F1C37A4684A76422083C3 /* Build configuration list for PBXProject "OpenLARP" */ = {
			isa = XCConfigurationList;
			buildConfigurations = (
				9EF1DD2B392D80DBA6385DDC /* Debug */,
				3D7C6902C8A712BB004EE39D /* Release */,
			);
			defaultConfigurationIsVisible = 0;
			defaultConfigurationName = Debug;
		};
		681D5E170923848F44E0B9AF /* Build configuration list for PBXNativeTarget "OpenLARP" */ = {
			isa = XCConfigurationList;
			buildConfigurations = (
				344747395FFEA939BACA30B4 /* Debug */,
				84C04137DC8142CD77C1FB38 /* Release */,
			);
			defaultConfigurationIsVisible = 0;
			defaultConfigurationName = Debug;
		};
		D84E7551A9791CB9AEF2D584 /* Build configuration list for PBXNativeTarget "OpenLARPTests" */ = {
			isa = XCConfigurationList;
			buildConfigurations = (
				9064FA53EC67D655F5118EBF /* Debug */,
				9103700D30A362B1E0725F94 /* Release */,
			);
			defaultConfigurationIsVisible = 0;
			defaultConfigurationName = Debug;
		};
/* End XCConfigurationList section */
	};
	rootObject = 5274AEE5066FFAFDE76D45D1 /* Project object */;
}
